
Microsoft Visual Studio Solution File, Format Version 12.00
# Visual Studio Version 17
VisualStudioVersion = 17.10.35013.160
MinimumVisualStudioVersion = 10.0.40219.1
Project("{9A19103F-16F7-4668-BE54-9A1E7A4F7556}") = "AktBob.InternalWorker.Host", "AktBob.InternalWorker.Host\AktBob.InternalWorker.Host.csproj", "{7F27F275-F6CF-45E8-B339-BD5E67752CFD}"
EndProject
Project("{9A19103F-16F7-4668-BE54-9A1E7A4F7556}") = "AktBob.CheckOCRScreeningStatus", "AktBob.CheckOCRScreeningStatus\AktBob.CheckOCRScreeningStatus.csproj", "{5A76B308-131B-496C-AECA-8A83C5C6C660}"
EndProject
Project("{2150E333-8FDC-42A3-9474-1A3956D46DE8}") = "Check OCR Screening Status Module", "Check OCR Screening Status Module", "{A480C33B-82F4-4D2D-8113-A1D67E0FE0EF}"
EndProject
Project("{2150E333-8FDC-42A3-9474-1A3956D46DE8}") = "Email Module", "Email Module", "{04E88733-1387-4041-AAF2-EA21EC4A1D24}"
EndProject
Project("{9A19103F-16F7-4668-BE54-9A1E7A4F7556}") = "AktBob.Email", "AktBob.Email\AktBob.Email.csproj", "{57215D5C-7983-4A89-B722-307B8A354BC1}"
EndProject
Project("{9A19103F-16F7-4668-BE54-9A1E7A4F7556}") = "AktBob.Email.Contracts", "AktBob.Email.Contracts\AktBob.Email.Contracts.csproj", "{D87D21C4-BEC3-4B6F-B225-2AD892851FD3}"
EndProject
Project("{2150E333-8FDC-42A3-9474-1A3956D46DE8}") = "UiPath Module", "UiPath Module", "{F97E7D5D-2B1F-4AAE-AE73-3434B0B10734}"
EndProject
Project("{2150E333-8FDC-42A3-9474-1A3956D46DE8}") = "Queue Module", "Queue Module", "{5DA13B9A-D290-426C-93BB-781FE2C772C4}"
EndProject
Project("{9A19103F-16F7-4668-BE54-9A1E7A4F7556}") = "AktBob.Queue", "AktBob.Queue\AktBob.Queue.csproj", "{98F0A731-E540-4F0C-9B36-25F304073804}"
EndProject
Project("{9A19103F-16F7-4668-BE54-9A1E7A4F7556}") = "AktBob.Queue.Contracts", "AktBob.Queue.Contracts\AktBob.Queue.Contracts.csproj", "{53ABA323-9B86-4623-9213-3FCF6A426BB7}"
EndProject
Project("{9A19103F-16F7-4668-BE54-9A1E7A4F7556}") = "AktBob.UiPath", "AktBob.UiPath\AktBob.UiPath.csproj", "{31FCDE8F-5282-40CD-98CA-90F18218A1D7}"
EndProject
Project("{9A19103F-16F7-4668-BE54-9A1E7A4F7556}") = "AktBob.UiPath.Contracts", "AktBob.UiPath.Contracts\AktBob.UiPath.Contracts.csproj", "{725024D0-B43E-49D6-AA3B-5CD01C6165A9}"
EndProject
Project("{2150E333-8FDC-42A3-9474-1A3956D46DE8}") = "Deskpro Module", "Deskpro Module", "{0742853D-117B-49ED-B360-164488F9809B}"
EndProject
Project("{9A19103F-16F7-4668-BE54-9A1E7A4F7556}") = "AktBob.Deskpro", "AktBob.Deskpro\AktBob.Deskpro.csproj", "{AFBF76D1-F040-4ED7-8575-EA02043CE4BC}"
EndProject
Project("{9A19103F-16F7-4668-BE54-9A1E7A4F7556}") = "AktBob.Deskpro.Contracts", "AktBob.Deskpro.Contracts\AktBob.Deskpro.Contracts.csproj", "{9C349615-6C43-4FA1-8FA8-849D75374C7D}"
EndProject
Project("{2150E333-8FDC-42A3-9474-1A3956D46DE8}") = "Podio Hook Processor Module", "Podio Hook Processor Module", "{F9021DD2-FCC6-41CB-9CAD-9BE9295AAB84}"
EndProject
Project("{9A19103F-16F7-4668-BE54-9A1E7A4F7556}") = "AktBob.PodioHookProcessor", "AktBob.PodioHookProcessor\AktBob.PodioHookProcessor.csproj", "{2B2A403C-CDC7-4C18-AB00-9B84FECB88C5}"
EndProject
Project("{2150E333-8FDC-42A3-9474-1A3956D46DE8}") = "Database API Module", "Database API Module", "{7621C68C-8549-48D8-A7BD-0468232FD3D3}"
EndProject
Project("{9A19103F-16F7-4668-BE54-9A1E7A4F7556}") = "AktBob.DatabaseAPI", "AktBob.DatabaseAPI\AktBob.DatabaseAPI.csproj", "{90CCF6B4-B62D-4510-93CF-F6C840703338}"
EndProject
Project("{9A19103F-16F7-4668-BE54-9A1E7A4F7556}") = "AktBob.DatabaseAPI.Contracts", "AktBob.DatabaseAPI.Contracts\AktBob.DatabaseAPI.Contracts.csproj", "{E3841063-FC69-45C8-B910-EE4DD4277734}"
EndProject
Project("{2150E333-8FDC-42A3-9474-1A3956D46DE8}") = "Podio Module", "Podio Module", "{34D4F9F7-9C3A-4DCD-B472-A4C522682616}"
EndProject
Project("{9A19103F-16F7-4668-BE54-9A1E7A4F7556}") = "AktBob.Podio", "AktBob.Podio\AktBob.Podio.csproj", "{AC88B646-4DB9-45BB-82C2-FD9F55B181C1}"
EndProject
Project("{9A19103F-16F7-4668-BE54-9A1E7A4F7556}") = "AktBob.Podio.Contracts", "AktBob.Podio.Contracts\AktBob.Podio.Contracts.csproj", "{706BC11D-5BBF-42D4-8ABB-605B5B7F7DC0}"
EndProject
Project("{2150E333-8FDC-42A3-9474-1A3956D46DE8}") = "DocumentGenerator", "DocumentGenerator", "{5FC6CF1E-902B-4AB9-A78F-8A77955606DD}"
EndProject
Project("{9A19103F-16F7-4668-BE54-9A1E7A4F7556}") = "AktBob.DocumentGenerator", "AktBob.DocumentGenerator\AktBob.DocumentGenerator.csproj", "{B19C08F8-E0B7-4F5D-ACB6-6BD0A00839DD}"
EndProject
Project("{9A19103F-16F7-4668-BE54-9A1E7A4F7556}") = "AktBob.DocumentGenerator.Contracts", "AktBob.DocumentGenerator.Contracts\AktBob.DocumentGenerator.Contracts.csproj", "{05EB330D-005F-4BB9-8AB2-A843584BD4E7}"
EndProject
Project("{2150E333-8FDC-42A3-9474-1A3956D46DE8}") = "Journalize Documents Module", "Journalize Documents Module", "{C9851F2E-765C-4E7E-8CE7-3E5467F2712B}"
EndProject
Project("{9A19103F-16F7-4668-BE54-9A1E7A4F7556}") = "AktBob.JournalizeDocuments", "AktBob.JournalizeDocuments\AktBob.JournalizeDocuments.csproj", "{7AD4DBB7-4801-440B-89F1-021C780F831F}"
EndProject
Project("{2150E333-8FDC-42A3-9474-1A3956D46DE8}") = "Solution Items", "Solution Items", "{68E05508-A190-4AA6-A41E-E0F77C3FF68A}"
	ProjectSection(SolutionItems) = preProject
		README.md = README.md
	EndProjectSection
EndProject
Project("{FAE04EC0-301F-11D3-BF4B-00C04F79EFBC}") = "AktBob.ConsoleDevelopment", "AktBob.ConsoleDevelopment\AktBob.ConsoleDevelopment.csproj", "{49802F73-AE7F-4A69-8BAD-E96539421B41}"
EndProject
Project("{FAE04EC0-301F-11D3-BF4B-00C04F79EFBC}") = "AktBob.Shared", "AktBob.Shared\AktBob.Shared.csproj", "{5B795FD1-81A1-4878-8802-1AF87DEBC4D7}"
EndProject
Global
	GlobalSection(SolutionConfigurationPlatforms) = preSolution
		Debug|Any CPU = Debug|Any CPU
		Release|Any CPU = Release|Any CPU
	EndGlobalSection
	GlobalSection(ProjectConfigurationPlatforms) = postSolution
		{7F27F275-F6CF-45E8-B339-BD5E67752CFD}.Debug|Any CPU.ActiveCfg = Debug|Any CPU
		{7F27F275-F6CF-45E8-B339-BD5E67752CFD}.Debug|Any CPU.Build.0 = Debug|Any CPU
		{7F27F275-F6CF-45E8-B339-BD5E67752CFD}.Release|Any CPU.ActiveCfg = Release|Any CPU
		{7F27F275-F6CF-45E8-B339-BD5E67752CFD}.Release|Any CPU.Build.0 = Release|Any CPU
		{5A76B308-131B-496C-AECA-8A83C5C6C660}.Debug|Any CPU.ActiveCfg = Debug|Any CPU
		{5A76B308-131B-496C-AECA-8A83C5C6C660}.Debug|Any CPU.Build.0 = Debug|Any CPU
		{5A76B308-131B-496C-AECA-8A83C5C6C660}.Release|Any CPU.ActiveCfg = Release|Any CPU
		{5A76B308-131B-496C-AECA-8A83C5C6C660}.Release|Any CPU.Build.0 = Release|Any CPU
		{57215D5C-7983-4A89-B722-307B8A354BC1}.Debug|Any CPU.ActiveCfg = Debug|Any CPU
		{57215D5C-7983-4A89-B722-307B8A354BC1}.Debug|Any CPU.Build.0 = Debug|Any CPU
		{57215D5C-7983-4A89-B722-307B8A354BC1}.Release|Any CPU.ActiveCfg = Release|Any CPU
		{57215D5C-7983-4A89-B722-307B8A354BC1}.Release|Any CPU.Build.0 = Release|Any CPU
		{D87D21C4-BEC3-4B6F-B225-2AD892851FD3}.Debug|Any CPU.ActiveCfg = Debug|Any CPU
		{D87D21C4-BEC3-4B6F-B225-2AD892851FD3}.Debug|Any CPU.Build.0 = Debug|Any CPU
		{D87D21C4-BEC3-4B6F-B225-2AD892851FD3}.Release|Any CPU.ActiveCfg = Release|Any CPU
		{D87D21C4-BEC3-4B6F-B225-2AD892851FD3}.Release|Any CPU.Build.0 = Release|Any CPU
		{98F0A731-E540-4F0C-9B36-25F304073804}.Debug|Any CPU.ActiveCfg = Debug|Any CPU
		{98F0A731-E540-4F0C-9B36-25F304073804}.Debug|Any CPU.Build.0 = Debug|Any CPU
		{98F0A731-E540-4F0C-9B36-25F304073804}.Release|Any CPU.ActiveCfg = Release|Any CPU
		{98F0A731-E540-4F0C-9B36-25F304073804}.Release|Any CPU.Build.0 = Release|Any CPU
		{53ABA323-9B86-4623-9213-3FCF6A426BB7}.Debug|Any CPU.ActiveCfg = Debug|Any CPU
		{53ABA323-9B86-4623-9213-3FCF6A426BB7}.Debug|Any CPU.Build.0 = Debug|Any CPU
		{53ABA323-9B86-4623-9213-3FCF6A426BB7}.Release|Any CPU.ActiveCfg = Release|Any CPU
		{53ABA323-9B86-4623-9213-3FCF6A426BB7}.Release|Any CPU.Build.0 = Release|Any CPU
		{31FCDE8F-5282-40CD-98CA-90F18218A1D7}.Debug|Any CPU.ActiveCfg = Debug|Any CPU
		{31FCDE8F-5282-40CD-98CA-90F18218A1D7}.Debug|Any CPU.Build.0 = Debug|Any CPU
		{31FCDE8F-5282-40CD-98CA-90F18218A1D7}.Release|Any CPU.ActiveCfg = Release|Any CPU
		{31FCDE8F-5282-40CD-98CA-90F18218A1D7}.Release|Any CPU.Build.0 = Release|Any CPU
		{725024D0-B43E-49D6-AA3B-5CD01C6165A9}.Debug|Any CPU.ActiveCfg = Debug|Any CPU
		{725024D0-B43E-49D6-AA3B-5CD01C6165A9}.Debug|Any CPU.Build.0 = Debug|Any CPU
		{725024D0-B43E-49D6-AA3B-5CD01C6165A9}.Release|Any CPU.ActiveCfg = Release|Any CPU
		{725024D0-B43E-49D6-AA3B-5CD01C6165A9}.Release|Any CPU.Build.0 = Release|Any CPU
		{AFBF76D1-F040-4ED7-8575-EA02043CE4BC}.Debug|Any CPU.ActiveCfg = Debug|Any CPU
		{AFBF76D1-F040-4ED7-8575-EA02043CE4BC}.Debug|Any CPU.Build.0 = Debug|Any CPU
		{AFBF76D1-F040-4ED7-8575-EA02043CE4BC}.Release|Any CPU.ActiveCfg = Release|Any CPU
		{AFBF76D1-F040-4ED7-8575-EA02043CE4BC}.Release|Any CPU.Build.0 = Release|Any CPU
		{9C349615-6C43-4FA1-8FA8-849D75374C7D}.Debug|Any CPU.ActiveCfg = Debug|Any CPU
		{9C349615-6C43-4FA1-8FA8-849D75374C7D}.Debug|Any CPU.Build.0 = Debug|Any CPU
		{9C349615-6C43-4FA1-8FA8-849D75374C7D}.Release|Any CPU.ActiveCfg = Release|Any CPU
		{9C349615-6C43-4FA1-8FA8-849D75374C7D}.Release|Any CPU.Build.0 = Release|Any CPU
		{2B2A403C-CDC7-4C18-AB00-9B84FECB88C5}.Debug|Any CPU.ActiveCfg = Debug|Any CPU
		{2B2A403C-CDC7-4C18-AB00-9B84FECB88C5}.Debug|Any CPU.Build.0 = Debug|Any CPU
		{2B2A403C-CDC7-4C18-AB00-9B84FECB88C5}.Release|Any CPU.ActiveCfg = Release|Any CPU
		{2B2A403C-CDC7-4C18-AB00-9B84FECB88C5}.Release|Any CPU.Build.0 = Release|Any CPU
		{90CCF6B4-B62D-4510-93CF-F6C840703338}.Debug|Any CPU.ActiveCfg = Debug|Any CPU
		{90CCF6B4-B62D-4510-93CF-F6C840703338}.Debug|Any CPU.Build.0 = Debug|Any CPU
		{90CCF6B4-B62D-4510-93CF-F6C840703338}.Release|Any CPU.ActiveCfg = Release|Any CPU
		{90CCF6B4-B62D-4510-93CF-F6C840703338}.Release|Any CPU.Build.0 = Release|Any CPU
		{E3841063-FC69-45C8-B910-EE4DD4277734}.Debug|Any CPU.ActiveCfg = Debug|Any CPU
		{E3841063-FC69-45C8-B910-EE4DD4277734}.Debug|Any CPU.Build.0 = Debug|Any CPU
		{E3841063-FC69-45C8-B910-EE4DD4277734}.Release|Any CPU.ActiveCfg = Release|Any CPU
		{E3841063-FC69-45C8-B910-EE4DD4277734}.Release|Any CPU.Build.0 = Release|Any CPU
		{AC88B646-4DB9-45BB-82C2-FD9F55B181C1}.Debug|Any CPU.ActiveCfg = Debug|Any CPU
		{AC88B646-4DB9-45BB-82C2-FD9F55B181C1}.Debug|Any CPU.Build.0 = Debug|Any CPU
		{AC88B646-4DB9-45BB-82C2-FD9F55B181C1}.Release|Any CPU.ActiveCfg = Release|Any CPU
		{AC88B646-4DB9-45BB-82C2-FD9F55B181C1}.Release|Any CPU.Build.0 = Release|Any CPU
		{706BC11D-5BBF-42D4-8ABB-605B5B7F7DC0}.Debug|Any CPU.ActiveCfg = Debug|Any CPU
		{706BC11D-5BBF-42D4-8ABB-605B5B7F7DC0}.Debug|Any CPU.Build.0 = Debug|Any CPU
		{706BC11D-5BBF-42D4-8ABB-605B5B7F7DC0}.Release|Any CPU.ActiveCfg = Release|Any CPU
		{706BC11D-5BBF-42D4-8ABB-605B5B7F7DC0}.Release|Any CPU.Build.0 = Release|Any CPU
		{B19C08F8-E0B7-4F5D-ACB6-6BD0A00839DD}.Debug|Any CPU.ActiveCfg = Debug|Any CPU
		{B19C08F8-E0B7-4F5D-ACB6-6BD0A00839DD}.Debug|Any CPU.Build.0 = Debug|Any CPU
		{B19C08F8-E0B7-4F5D-ACB6-6BD0A00839DD}.Release|Any CPU.ActiveCfg = Release|Any CPU
		{B19C08F8-E0B7-4F5D-ACB6-6BD0A00839DD}.Release|Any CPU.Build.0 = Release|Any CPU
		{05EB330D-005F-4BB9-8AB2-A843584BD4E7}.Debug|Any CPU.ActiveCfg = Debug|Any CPU
		{05EB330D-005F-4BB9-8AB2-A843584BD4E7}.Debug|Any CPU.Build.0 = Debug|Any CPU
		{05EB330D-005F-4BB9-8AB2-A843584BD4E7}.Release|Any CPU.ActiveCfg = Release|Any CPU
		{05EB330D-005F-4BB9-8AB2-A843584BD4E7}.Release|Any CPU.Build.0 = Release|Any CPU
		{7AD4DBB7-4801-440B-89F1-021C780F831F}.Debug|Any CPU.ActiveCfg = Debug|Any CPU
		{7AD4DBB7-4801-440B-89F1-021C780F831F}.Debug|Any CPU.Build.0 = Debug|Any CPU
		{7AD4DBB7-4801-440B-89F1-021C780F831F}.Release|Any CPU.ActiveCfg = Release|Any CPU
		{7AD4DBB7-4801-440B-89F1-021C780F831F}.Release|Any CPU.Build.0 = Release|Any CPU
		{49802F73-AE7F-4A69-8BAD-E96539421B41}.Debug|Any CPU.ActiveCfg = Debug|Any CPU
		{49802F73-AE7F-4A69-8BAD-E96539421B41}.Debug|Any CPU.Build.0 = Debug|Any CPU
		{49802F73-AE7F-4A69-8BAD-E96539421B41}.Release|Any CPU.ActiveCfg = Release|Any CPU
		{49802F73-AE7F-4A69-8BAD-E96539421B41}.Release|Any CPU.Build.0 = Release|Any CPU
		{5B795FD1-81A1-4878-8802-1AF87DEBC4D7}.Debug|Any CPU.ActiveCfg = Debug|Any CPU
		{5B795FD1-81A1-4878-8802-1AF87DEBC4D7}.Debug|Any CPU.Build.0 = Debug|Any CPU
		{5B795FD1-81A1-4878-8802-1AF87DEBC4D7}.Release|Any CPU.ActiveCfg = Release|Any CPU
		{5B795FD1-81A1-4878-8802-1AF87DEBC4D7}.Release|Any CPU.Build.0 = Release|Any CPU
	EndGlobalSection
	GlobalSection(SolutionProperties) = preSolution
		HideSolutionNode = FALSE
	EndGlobalSection
	GlobalSection(NestedProjects) = preSolution
		{5A76B308-131B-496C-AECA-8A83C5C6C660} = {A480C33B-82F4-4D2D-8113-A1D67E0FE0EF}
		{57215D5C-7983-4A89-B722-307B8A354BC1} = {04E88733-1387-4041-AAF2-EA21EC4A1D24}
		{D87D21C4-BEC3-4B6F-B225-2AD892851FD3} = {04E88733-1387-4041-AAF2-EA21EC4A1D24}
		{98F0A731-E540-4F0C-9B36-25F304073804} = {5DA13B9A-D290-426C-93BB-781FE2C772C4}
		{53ABA323-9B86-4623-9213-3FCF6A426BB7} = {5DA13B9A-D290-426C-93BB-781FE2C772C4}
		{31FCDE8F-5282-40CD-98CA-90F18218A1D7} = {F97E7D5D-2B1F-4AAE-AE73-3434B0B10734}
		{725024D0-B43E-49D6-AA3B-5CD01C6165A9} = {F97E7D5D-2B1F-4AAE-AE73-3434B0B10734}
		{AFBF76D1-F040-4ED7-8575-EA02043CE4BC} = {0742853D-117B-49ED-B360-164488F9809B}
		{9C349615-6C43-4FA1-8FA8-849D75374C7D} = {0742853D-117B-49ED-B360-164488F9809B}
		{2B2A403C-CDC7-4C18-AB00-9B84FECB88C5} = {F9021DD2-FCC6-41CB-9CAD-9BE9295AAB84}
		{90CCF6B4-B62D-4510-93CF-F6C840703338} = {7621C68C-8549-48D8-A7BD-0468232FD3D3}
		{E3841063-FC69-45C8-B910-EE4DD4277734} = {7621C68C-8549-48D8-A7BD-0468232FD3D3}
		{AC88B646-4DB9-45BB-82C2-FD9F55B181C1} = {34D4F9F7-9C3A-4DCD-B472-A4C522682616}
		{706BC11D-5BBF-42D4-8ABB-605B5B7F7DC0} = {34D4F9F7-9C3A-4DCD-B472-A4C522682616}
		{B19C08F8-E0B7-4F5D-ACB6-6BD0A00839DD} = {5FC6CF1E-902B-4AB9-A78F-8A77955606DD}
		{05EB330D-005F-4BB9-8AB2-A843584BD4E7} = {5FC6CF1E-902B-4AB9-A78F-8A77955606DD}
		{7AD4DBB7-4801-440B-89F1-021C780F831F} = {C9851F2E-765C-4E7E-8CE7-3E5467F2712B}
	EndGlobalSection
	GlobalSection(ExtensibilityGlobals) = postSolution
		SolutionGuid = {DBB2F06B-94A3-444E-875A-BA6E8CA925B3}
	EndGlobalSection
EndGlobal
