
Microsoft Visual Studio Solution File, Format Version 12.00
# Visual Studio Version 17
VisualStudioVersion = 17.10.35013.160
MinimumVisualStudioVersion = 10.0.40219.1
Project("{2150E333-8FDC-42A3-9474-1A3956D46DE8}") = "Email Module", "Email Module", "{04E88733-1387-4041-AAF2-EA21EC4A1D24}"
EndProject
Project("{9A19103F-16F7-4668-BE54-9A1E7A4F7556}") = "AktBob.Email", "src\AktBob.Email\AktBob.Email.csproj", "{57215D5C-7983-4A89-B722-307B8A354BC1}"
EndProject
Project("{9A19103F-16F7-4668-BE54-9A1E7A4F7556}") = "AktBob.Email.Contracts", "src\AktBob.Email.Contracts\AktBob.Email.Contracts.csproj", "{D87D21C4-BEC3-4B6F-B225-2AD892851FD3}"
EndProject
Project("{2150E333-8FDC-42A3-9474-1A3956D46DE8}") = "UiPath Module", "UiPath Module", "{F97E7D5D-2B1F-4AAE-AE73-3434B0B10734}"
EndProject
Project("{9A19103F-16F7-4668-BE54-9A1E7A4F7556}") = "AktBob.UiPath", "src\AktBob.UiPath\AktBob.UiPath.csproj", "{31FCDE8F-5282-40CD-98CA-90F18218A1D7}"
EndProject
Project("{9A19103F-16F7-4668-BE54-9A1E7A4F7556}") = "AktBob.UiPath.Contracts", "src\AktBob.UiPath.Contracts\AktBob.UiPath.Contracts.csproj", "{725024D0-B43E-49D6-AA3B-5CD01C6165A9}"
EndProject
Project("{2150E333-8FDC-42A3-9474-1A3956D46DE8}") = "Deskpro Module", "Deskpro Module", "{0742853D-117B-49ED-B360-164488F9809B}"
EndProject
Project("{9A19103F-16F7-4668-BE54-9A1E7A4F7556}") = "AktBob.Deskpro", "src\AktBob.Deskpro\AktBob.Deskpro.csproj", "{AFBF76D1-F040-4ED7-8575-EA02043CE4BC}"
EndProject
Project("{9A19103F-16F7-4668-BE54-9A1E7A4F7556}") = "AktBob.Deskpro.Contracts", "src\AktBob.Deskpro.Contracts\AktBob.Deskpro.Contracts.csproj", "{9C349615-6C43-4FA1-8FA8-849D75374C7D}"
EndProject
Project("{2150E333-8FDC-42A3-9474-1A3956D46DE8}") = "Podio Module", "Podio Module", "{34D4F9F7-9C3A-4DCD-B472-A4C522682616}"
EndProject
Project("{9A19103F-16F7-4668-BE54-9A1E7A4F7556}") = "AktBob.Podio", "src\AktBob.Podio\AktBob.Podio.csproj", "{AC88B646-4DB9-45BB-82C2-FD9F55B181C1}"
EndProject
Project("{9A19103F-16F7-4668-BE54-9A1E7A4F7556}") = "AktBob.Podio.Contracts", "src\AktBob.Podio.Contracts\AktBob.Podio.Contracts.csproj", "{706BC11D-5BBF-42D4-8ABB-605B5B7F7DC0}"
EndProject
Project("{2150E333-8FDC-42A3-9474-1A3956D46DE8}") = "Solution Items", "Solution Items", "{68E05508-A190-4AA6-A41E-E0F77C3FF68A}"
	ProjectSection(SolutionItems) = preProject
		src\compose.yaml = src\compose.yaml
		src\nuget.config = src\nuget.config
	EndProjectSection
EndProject
Project("{9A19103F-16F7-4668-BE54-9A1E7A4F7556}") = "AktBob.Shared", "src\AktBob.Shared\AktBob.Shared.csproj", "{5B795FD1-81A1-4878-8802-1AF87DEBC4D7}"
EndProject
Project("{2150E333-8FDC-42A3-9474-1A3956D46DE8}") = "Open Orchestrator Module", "Open Orchestrator Module", "{DBA389E7-9083-440B-9BCA-E30B66858A86}"
EndProject
Project("{FAE04EC0-301F-11D3-BF4B-00C04F79EFBC}") = "AktBob.OpenOrchestrator", "src\AktBob.OpenOrchestrator\AktBob.OpenOrchestrator.csproj", "{DF26FC91-4DD2-4500-B955-22F6F522B782}"
EndProject
Project("{FAE04EC0-301F-11D3-BF4B-00C04F79EFBC}") = "AktBob.OpenOrchestrator.Contracts", "src\AktBob.OpenOrchestrator.Contracts\AktBob.OpenOrchestrator.Contracts.csproj", "{B7378D07-6FE1-49C7-9BB5-B7D693FE446A}"
EndProject
Project("{2150E333-8FDC-42A3-9474-1A3956D46DE8}") = "Cloud Convert Module", "Cloud Convert Module", "{F7D7FDE1-77E7-489A-94D7-71AE7EDDD6DC}"
EndProject
Project("{FAE04EC0-301F-11D3-BF4B-00C04F79EFBC}") = "AktBob.CloudConvert", "src\AktBob.CloudConvert\AktBob.CloudConvert.csproj", "{CB2CA8BD-C3DD-481A-9CC0-0F15C493799A}"
EndProject
Project("{FAE04EC0-301F-11D3-BF4B-00C04F79EFBC}") = "AktBob.CloudConvert.Contracts", "src\AktBob.CloudConvert.Contracts\AktBob.CloudConvert.Contracts.csproj", "{6E4BCA75-F1C5-4347-B41F-D3ABA129A083}"
EndProject
Project("{2150E333-8FDC-42A3-9474-1A3956D46DE8}") = "Database Module", "Database Module", "{5D2EE99D-5B8F-4AC3-9E73-0405BF1DE4D3}"
EndProject
Project("{FAE04EC0-301F-11D3-BF4B-00C04F79EFBC}") = "AktBob.Database", "src\AktBob.Database\AktBob.Database.csproj", "{7F0C73FF-3D2A-4906-BA15-E6FE62746527}"
EndProject
Project("{00D1A9C2-B5F0-4AF3-8072-F6C62B433612}") = "AktBob.Database.SQL", "src\AktBob.Database.SQL\AktBob.Database.SQL.sqlproj", "{2F8F09A9-0BC4-46A8-BC83-6AC6865D1EF9}"
EndProject
Project("{FAE04EC0-301F-11D3-BF4B-00C04F79EFBC}") = "AktBob.Database.Contracts", "src\AktBob.Database.Contracts\AktBob.Database.Contracts.csproj", "{0B15645A-3C85-4B16-82A8-C9AF54A7D12F}"
EndProject
Project("{FAE04EC0-301F-11D3-BF4B-00C04F79EFBC}") = "AktBob.JobHandlers", "src\AktBob.JobHandlers\AktBob.JobHandlers.csproj", "{F4613B83-FE7B-42F3-9C32-105BF4E8A0BE}"
EndProject
Project("{2150E333-8FDC-42A3-9474-1A3956D46DE8}") = "GetOrganized Module", "GetOrganized Module", "{7533BC41-7473-4BFB-B8C3-1529C4F4AF7D}"
EndProject
Project("{FAE04EC0-301F-11D3-BF4B-00C04F79EFBC}") = "AktBob.GetOrganized", "src\AktBob.GetOrganized\AktBob.GetOrganized.csproj", "{250D0C49-2284-40D8-BE80-5446161D4600}"
EndProject
Project("{FAE04EC0-301F-11D3-BF4B-00C04F79EFBC}") = "AktBob.GetOrganized.Contracts", "src\AktBob.GetOrganized.Contracts\AktBob.GetOrganized.Contracts.csproj", "{1E2B75E2-EFF5-4202-9461-525C081DC3C9}"
EndProject
Project("{FAE04EC0-301F-11D3-BF4B-00C04F79EFBC}") = "AktBob.Worker", "src\AktBob.Worker\AktBob.Worker.csproj", "{AB717426-EE39-4C39-A2EC-4FF4C49FE647}"
EndProject
Project("{FAE04EC0-301F-11D3-BF4B-00C04F79EFBC}") = "AktBob.Api", "src\AktBob.Api\AktBob.Api.csproj", "{C45E6C7B-6B9E-4DE1-8A36-91BC4DB7C92D}"
EndProject
Project("{2150E333-8FDC-42A3-9474-1A3956D46DE8}") = "src", "src", "{F4C64018-0A98-4F30-8B25-201D834C5C3A}"
	ProjectSection(SolutionItems) = preProject
		README.md = README.md
	EndProjectSection
EndProject
Project("{2150E333-8FDC-42A3-9474-1A3956D46DE8}") = "tests", "tests", "{3CCD0659-ACDF-4B5F-9C30-67D990BAE5A0}"
EndProject
Project("{FAE04EC0-301F-11D3-BF4B-00C04F79EFBC}") = "AktBob.CloudConvert.Tests.Unit", "test\AktBob.CloudConvert.Tests.Unit\AktBob.CloudConvert.Tests.Unit.csproj", "{2000EFA2-664B-48A0-94EF-FF2AAC9EB76E}"
EndProject
Project("{FAE04EC0-301F-11D3-BF4B-00C04F79EFBC}") = "AktBob.Tests.Unit.Shared", "test\AktBob.Tests.Unit.Shared\AktBob.Tests.Unit.Shared.csproj", "{81198579-7066-4E08-BFC4-9D168CF510DA}"
EndProject
Global
	GlobalSection(SolutionConfigurationPlatforms) = preSolution
		Debug|Any CPU = Debug|Any CPU
		Release|Any CPU = Release|Any CPU
	EndGlobalSection
	GlobalSection(ProjectConfigurationPlatforms) = postSolution
		{57215D5C-7983-4A89-B722-307B8A354BC1}.Debug|Any CPU.ActiveCfg = Debug|Any CPU
		{57215D5C-7983-4A89-B722-307B8A354BC1}.Debug|Any CPU.Build.0 = Debug|Any CPU
		{57215D5C-7983-4A89-B722-307B8A354BC1}.Release|Any CPU.ActiveCfg = Release|Any CPU
		{57215D5C-7983-4A89-B722-307B8A354BC1}.Release|Any CPU.Build.0 = Release|Any CPU
		{D87D21C4-BEC3-4B6F-B225-2AD892851FD3}.Debug|Any CPU.ActiveCfg = Debug|Any CPU
		{D87D21C4-BEC3-4B6F-B225-2AD892851FD3}.Debug|Any CPU.Build.0 = Debug|Any CPU
		{D87D21C4-BEC3-4B6F-B225-2AD892851FD3}.Release|Any CPU.ActiveCfg = Release|Any CPU
		{D87D21C4-BEC3-4B6F-B225-2AD892851FD3}.Release|Any CPU.Build.0 = Release|Any CPU
		{31FCDE8F-5282-40CD-98CA-90F18218A1D7}.Debug|Any CPU.ActiveCfg = Debug|Any CPU
		{31FCDE8F-5282-40CD-98CA-90F18218A1D7}.Debug|Any CPU.Build.0 = Debug|Any CPU
		{31FCDE8F-5282-40CD-98CA-90F18218A1D7}.Release|Any CPU.ActiveCfg = Release|Any CPU
		{31FCDE8F-5282-40CD-98CA-90F18218A1D7}.Release|Any CPU.Build.0 = Release|Any CPU
		{725024D0-B43E-49D6-AA3B-5CD01C6165A9}.Debug|Any CPU.ActiveCfg = Debug|Any CPU
		{725024D0-B43E-49D6-AA3B-5CD01C6165A9}.Debug|Any CPU.Build.0 = Debug|Any CPU
		{725024D0-B43E-49D6-AA3B-5CD01C6165A9}.Release|Any CPU.ActiveCfg = Release|Any CPU
		{725024D0-B43E-49D6-AA3B-5CD01C6165A9}.Release|Any CPU.Build.0 = Release|Any CPU
		{AFBF76D1-F040-4ED7-8575-EA02043CE4BC}.Debug|Any CPU.ActiveCfg = Debug|Any CPU
		{AFBF76D1-F040-4ED7-8575-EA02043CE4BC}.Debug|Any CPU.Build.0 = Debug|Any CPU
		{AFBF76D1-F040-4ED7-8575-EA02043CE4BC}.Release|Any CPU.ActiveCfg = Release|Any CPU
		{AFBF76D1-F040-4ED7-8575-EA02043CE4BC}.Release|Any CPU.Build.0 = Release|Any CPU
		{9C349615-6C43-4FA1-8FA8-849D75374C7D}.Debug|Any CPU.ActiveCfg = Debug|Any CPU
		{9C349615-6C43-4FA1-8FA8-849D75374C7D}.Debug|Any CPU.Build.0 = Debug|Any CPU
		{9C349615-6C43-4FA1-8FA8-849D75374C7D}.Release|Any CPU.ActiveCfg = Release|Any CPU
		{9C349615-6C43-4FA1-8FA8-849D75374C7D}.Release|Any CPU.Build.0 = Release|Any CPU
		{AC88B646-4DB9-45BB-82C2-FD9F55B181C1}.Debug|Any CPU.ActiveCfg = Debug|Any CPU
		{AC88B646-4DB9-45BB-82C2-FD9F55B181C1}.Debug|Any CPU.Build.0 = Debug|Any CPU
		{AC88B646-4DB9-45BB-82C2-FD9F55B181C1}.Release|Any CPU.ActiveCfg = Release|Any CPU
		{AC88B646-4DB9-45BB-82C2-FD9F55B181C1}.Release|Any CPU.Build.0 = Release|Any CPU
		{706BC11D-5BBF-42D4-8ABB-605B5B7F7DC0}.Debug|Any CPU.ActiveCfg = Debug|Any CPU
		{706BC11D-5BBF-42D4-8ABB-605B5B7F7DC0}.Debug|Any CPU.Build.0 = Debug|Any CPU
		{706BC11D-5BBF-42D4-8ABB-605B5B7F7DC0}.Release|Any CPU.ActiveCfg = Release|Any CPU
		{706BC11D-5BBF-42D4-8ABB-605B5B7F7DC0}.Release|Any CPU.Build.0 = Release|Any CPU
		{5B795FD1-81A1-4878-8802-1AF87DEBC4D7}.Debug|Any CPU.ActiveCfg = Debug|Any CPU
		{5B795FD1-81A1-4878-8802-1AF87DEBC4D7}.Debug|Any CPU.Build.0 = Debug|Any CPU
		{5B795FD1-81A1-4878-8802-1AF87DEBC4D7}.Release|Any CPU.ActiveCfg = Release|Any CPU
		{5B795FD1-81A1-4878-8802-1AF87DEBC4D7}.Release|Any CPU.Build.0 = Release|Any CPU
		{DF26FC91-4DD2-4500-B955-22F6F522B782}.Debug|Any CPU.ActiveCfg = Debug|Any CPU
		{DF26FC91-4DD2-4500-B955-22F6F522B782}.Debug|Any CPU.Build.0 = Debug|Any CPU
		{DF26FC91-4DD2-4500-B955-22F6F522B782}.Release|Any CPU.ActiveCfg = Release|Any CPU
		{DF26FC91-4DD2-4500-B955-22F6F522B782}.Release|Any CPU.Build.0 = Release|Any CPU
		{B7378D07-6FE1-49C7-9BB5-B7D693FE446A}.Debug|Any CPU.ActiveCfg = Debug|Any CPU
		{B7378D07-6FE1-49C7-9BB5-B7D693FE446A}.Debug|Any CPU.Build.0 = Debug|Any CPU
		{B7378D07-6FE1-49C7-9BB5-B7D693FE446A}.Release|Any CPU.ActiveCfg = Release|Any CPU
		{B7378D07-6FE1-49C7-9BB5-B7D693FE446A}.Release|Any CPU.Build.0 = Release|Any CPU
		{CB2CA8BD-C3DD-481A-9CC0-0F15C493799A}.Debug|Any CPU.ActiveCfg = Debug|Any CPU
		{CB2CA8BD-C3DD-481A-9CC0-0F15C493799A}.Debug|Any CPU.Build.0 = Debug|Any CPU
		{CB2CA8BD-C3DD-481A-9CC0-0F15C493799A}.Release|Any CPU.ActiveCfg = Release|Any CPU
		{CB2CA8BD-C3DD-481A-9CC0-0F15C493799A}.Release|Any CPU.Build.0 = Release|Any CPU
		{6E4BCA75-F1C5-4347-B41F-D3ABA129A083}.Debug|Any CPU.ActiveCfg = Debug|Any CPU
		{6E4BCA75-F1C5-4347-B41F-D3ABA129A083}.Debug|Any CPU.Build.0 = Debug|Any CPU
		{6E4BCA75-F1C5-4347-B41F-D3ABA129A083}.Release|Any CPU.ActiveCfg = Release|Any CPU
		{6E4BCA75-F1C5-4347-B41F-D3ABA129A083}.Release|Any CPU.Build.0 = Release|Any CPU
		{7F0C73FF-3D2A-4906-BA15-E6FE62746527}.Debug|Any CPU.ActiveCfg = Debug|Any CPU
		{7F0C73FF-3D2A-4906-BA15-E6FE62746527}.Debug|Any CPU.Build.0 = Debug|Any CPU
		{7F0C73FF-3D2A-4906-BA15-E6FE62746527}.Release|Any CPU.ActiveCfg = Release|Any CPU
		{7F0C73FF-3D2A-4906-BA15-E6FE62746527}.Release|Any CPU.Build.0 = Release|Any CPU
		{2F8F09A9-0BC4-46A8-BC83-6AC6865D1EF9}.Debug|Any CPU.ActiveCfg = Debug|Any CPU
		{2F8F09A9-0BC4-46A8-BC83-6AC6865D1EF9}.Debug|Any CPU.Build.0 = Debug|Any CPU
		{2F8F09A9-0BC4-46A8-BC83-6AC6865D1EF9}.Debug|Any CPU.Deploy.0 = Debug|Any CPU
		{2F8F09A9-0BC4-46A8-BC83-6AC6865D1EF9}.Release|Any CPU.ActiveCfg = Release|Any CPU
		{2F8F09A9-0BC4-46A8-BC83-6AC6865D1EF9}.Release|Any CPU.Build.0 = Release|Any CPU
		{2F8F09A9-0BC4-46A8-BC83-6AC6865D1EF9}.Release|Any CPU.Deploy.0 = Release|Any CPU
		{0B15645A-3C85-4B16-82A8-C9AF54A7D12F}.Debug|Any CPU.ActiveCfg = Debug|Any CPU
		{0B15645A-3C85-4B16-82A8-C9AF54A7D12F}.Debug|Any CPU.Build.0 = Debug|Any CPU
		{0B15645A-3C85-4B16-82A8-C9AF54A7D12F}.Release|Any CPU.ActiveCfg = Release|Any CPU
		{0B15645A-3C85-4B16-82A8-C9AF54A7D12F}.Release|Any CPU.Build.0 = Release|Any CPU
		{F4613B83-FE7B-42F3-9C32-105BF4E8A0BE}.Debug|Any CPU.ActiveCfg = Debug|Any CPU
		{F4613B83-FE7B-42F3-9C32-105BF4E8A0BE}.Debug|Any CPU.Build.0 = Debug|Any CPU
		{F4613B83-FE7B-42F3-9C32-105BF4E8A0BE}.Release|Any CPU.ActiveCfg = Release|Any CPU
		{F4613B83-FE7B-42F3-9C32-105BF4E8A0BE}.Release|Any CPU.Build.0 = Release|Any CPU
		{250D0C49-2284-40D8-BE80-5446161D4600}.Debug|Any CPU.ActiveCfg = Debug|Any CPU
		{250D0C49-2284-40D8-BE80-5446161D4600}.Debug|Any CPU.Build.0 = Debug|Any CPU
		{250D0C49-2284-40D8-BE80-5446161D4600}.Release|Any CPU.ActiveCfg = Release|Any CPU
		{250D0C49-2284-40D8-BE80-5446161D4600}.Release|Any CPU.Build.0 = Release|Any CPU
		{1E2B75E2-EFF5-4202-9461-525C081DC3C9}.Debug|Any CPU.ActiveCfg = Debug|Any CPU
		{1E2B75E2-EFF5-4202-9461-525C081DC3C9}.Debug|Any CPU.Build.0 = Debug|Any CPU
		{1E2B75E2-EFF5-4202-9461-525C081DC3C9}.Release|Any CPU.ActiveCfg = Release|Any CPU
		{1E2B75E2-EFF5-4202-9461-525C081DC3C9}.Release|Any CPU.Build.0 = Release|Any CPU
		{AB717426-EE39-4C39-A2EC-4FF4C49FE647}.Debug|Any CPU.ActiveCfg = Debug|Any CPU
		{AB717426-EE39-4C39-A2EC-4FF4C49FE647}.Debug|Any CPU.Build.0 = Debug|Any CPU
		{AB717426-EE39-4C39-A2EC-4FF4C49FE647}.Release|Any CPU.ActiveCfg = Release|Any CPU
		{AB717426-EE39-4C39-A2EC-4FF4C49FE647}.Release|Any CPU.Build.0 = Release|Any CPU
		{C45E6C7B-6B9E-4DE1-8A36-91BC4DB7C92D}.Debug|Any CPU.ActiveCfg = Debug|Any CPU
		{C45E6C7B-6B9E-4DE1-8A36-91BC4DB7C92D}.Debug|Any CPU.Build.0 = Debug|Any CPU
		{C45E6C7B-6B9E-4DE1-8A36-91BC4DB7C92D}.Release|Any CPU.ActiveCfg = Release|Any CPU
		{C45E6C7B-6B9E-4DE1-8A36-91BC4DB7C92D}.Release|Any CPU.Build.0 = Release|Any CPU
		{2000EFA2-664B-48A0-94EF-FF2AAC9EB76E}.Debug|Any CPU.ActiveCfg = Debug|Any CPU
		{2000EFA2-664B-48A0-94EF-FF2AAC9EB76E}.Debug|Any CPU.Build.0 = Debug|Any CPU
		{2000EFA2-664B-48A0-94EF-FF2AAC9EB76E}.Release|Any CPU.ActiveCfg = Release|Any CPU
		{2000EFA2-664B-48A0-94EF-FF2AAC9EB76E}.Release|Any CPU.Build.0 = Release|Any CPU
		{81198579-7066-4E08-BFC4-9D168CF510DA}.Debug|Any CPU.ActiveCfg = Debug|Any CPU
		{81198579-7066-4E08-BFC4-9D168CF510DA}.Debug|Any CPU.Build.0 = Debug|Any CPU
		{81198579-7066-4E08-BFC4-9D168CF510DA}.Release|Any CPU.ActiveCfg = Release|Any CPU
		{81198579-7066-4E08-BFC4-9D168CF510DA}.Release|Any CPU.Build.0 = Release|Any CPU
	EndGlobalSection
	GlobalSection(SolutionProperties) = preSolution
		HideSolutionNode = FALSE
	EndGlobalSection
	GlobalSection(NestedProjects) = preSolution
		{04E88733-1387-4041-AAF2-EA21EC4A1D24} = {F4C64018-0A98-4F30-8B25-201D834C5C3A}
		{57215D5C-7983-4A89-B722-307B8A354BC1} = {04E88733-1387-4041-AAF2-EA21EC4A1D24}
		{D87D21C4-BEC3-4B6F-B225-2AD892851FD3} = {04E88733-1387-4041-AAF2-EA21EC4A1D24}
		{F97E7D5D-2B1F-4AAE-AE73-3434B0B10734} = {F4C64018-0A98-4F30-8B25-201D834C5C3A}
		{31FCDE8F-5282-40CD-98CA-90F18218A1D7} = {F97E7D5D-2B1F-4AAE-AE73-3434B0B10734}
		{725024D0-B43E-49D6-AA3B-5CD01C6165A9} = {F97E7D5D-2B1F-4AAE-AE73-3434B0B10734}
		{0742853D-117B-49ED-B360-164488F9809B} = {F4C64018-0A98-4F30-8B25-201D834C5C3A}
		{AFBF76D1-F040-4ED7-8575-EA02043CE4BC} = {0742853D-117B-49ED-B360-164488F9809B}
		{9C349615-6C43-4FA1-8FA8-849D75374C7D} = {0742853D-117B-49ED-B360-164488F9809B}
		{34D4F9F7-9C3A-4DCD-B472-A4C522682616} = {F4C64018-0A98-4F30-8B25-201D834C5C3A}
		{AC88B646-4DB9-45BB-82C2-FD9F55B181C1} = {34D4F9F7-9C3A-4DCD-B472-A4C522682616}
		{706BC11D-5BBF-42D4-8ABB-605B5B7F7DC0} = {34D4F9F7-9C3A-4DCD-B472-A4C522682616}
		{68E05508-A190-4AA6-A41E-E0F77C3FF68A} = {F4C64018-0A98-4F30-8B25-201D834C5C3A}
		{5B795FD1-81A1-4878-8802-1AF87DEBC4D7} = {F4C64018-0A98-4F30-8B25-201D834C5C3A}
		{DBA389E7-9083-440B-9BCA-E30B66858A86} = {F4C64018-0A98-4F30-8B25-201D834C5C3A}
		{DF26FC91-4DD2-4500-B955-22F6F522B782} = {DBA389E7-9083-440B-9BCA-E30B66858A86}
		{B7378D07-6FE1-49C7-9BB5-B7D693FE446A} = {DBA389E7-9083-440B-9BCA-E30B66858A86}
		{F7D7FDE1-77E7-489A-94D7-71AE7EDDD6DC} = {F4C64018-0A98-4F30-8B25-201D834C5C3A}
		{CB2CA8BD-C3DD-481A-9CC0-0F15C493799A} = {F7D7FDE1-77E7-489A-94D7-71AE7EDDD6DC}
		{6E4BCA75-F1C5-4347-B41F-D3ABA129A083} = {F7D7FDE1-77E7-489A-94D7-71AE7EDDD6DC}
		{5D2EE99D-5B8F-4AC3-9E73-0405BF1DE4D3} = {F4C64018-0A98-4F30-8B25-201D834C5C3A}
		{7F0C73FF-3D2A-4906-BA15-E6FE62746527} = {5D2EE99D-5B8F-4AC3-9E73-0405BF1DE4D3}
		{2F8F09A9-0BC4-46A8-BC83-6AC6865D1EF9} = {5D2EE99D-5B8F-4AC3-9E73-0405BF1DE4D3}
		{0B15645A-3C85-4B16-82A8-C9AF54A7D12F} = {5D2EE99D-5B8F-4AC3-9E73-0405BF1DE4D3}
		{F4613B83-FE7B-42F3-9C32-105BF4E8A0BE} = {F4C64018-0A98-4F30-8B25-201D834C5C3A}
		{7533BC41-7473-4BFB-B8C3-1529C4F4AF7D} = {F4C64018-0A98-4F30-8B25-201D834C5C3A}
		{250D0C49-2284-40D8-BE80-5446161D4600} = {7533BC41-7473-4BFB-B8C3-1529C4F4AF7D}
		{1E2B75E2-EFF5-4202-9461-525C081DC3C9} = {7533BC41-7473-4BFB-B8C3-1529C4F4AF7D}
		{AB717426-EE39-4C39-A2EC-4FF4C49FE647} = {F4C64018-0A98-4F30-8B25-201D834C5C3A}
		{C45E6C7B-6B9E-4DE1-8A36-91BC4DB7C92D} = {F4C64018-0A98-4F30-8B25-201D834C5C3A}
		{2000EFA2-664B-48A0-94EF-FF2AAC9EB76E} = {3CCD0659-ACDF-4B5F-9C30-67D990BAE5A0}
		{81198579-7066-4E08-BFC4-9D168CF510DA} = {3CCD0659-ACDF-4B5F-9C30-67D990BAE5A0}
	EndGlobalSection
	GlobalSection(ExtensibilityGlobals) = postSolution
		SolutionGuid = {DBB2F06B-94A3-444E-875A-BA6E8CA925B3}
	EndGlobalSection
EndGlobal
