
Microsoft Visual Studio Solution File, Format Version 12.00
# Visual Studio Version 17
VisualStudioVersion = 17.10.35013.160
MinimumVisualStudioVersion = 10.0.40219.1
Project("{2150E333-8FDC-42A3-9474-1A3956D46DE8}") = "Solution Items", "Solution Items", "{68E05508-A190-4AA6-A41E-E0F77C3FF68A}"
	ProjectSection(SolutionItems) = preProject
		src\compose.yaml = src\compose.yaml
		README.md = README.md
	EndProjectSection
EndProject
Project("{9A19103F-16F7-4668-BE54-9A1E7A4F7556}") = "AktBob.Shared", "src\AktBob.Shared\AktBob.Shared.csproj", "{5B795FD1-81A1-4878-8802-1AF87DEBC4D7}"
EndProject
Project("{FAE04EC0-301F-11D3-BF4B-00C04F79EFBC}") = "AktBob.CloudConvert", "src\AktBob.CloudConvert\AktBob.CloudConvert.csproj", "{CB2CA8BD-C3DD-481A-9CC0-0F15C493799A}"
EndProject
Project("{FAE04EC0-301F-11D3-BF4B-00C04F79EFBC}") = "AktBob.Database", "src\AktBob.Database\AktBob.Database.csproj", "{7F0C73FF-3D2A-4906-BA15-E6FE62746527}"
EndProject
Project("{00D1A9C2-B5F0-4AF3-8072-F6C62B433612}") = "AktBob.Database.SQL", "src\AktBob.Database.SQL\AktBob.Database.SQL.sqlproj", "{2F8F09A9-0BC4-46A8-BC83-6AC6865D1EF9}"
EndProject
Project("{FAE04EC0-301F-11D3-BF4B-00C04F79EFBC}") = "AktBob.GetOrganized", "src\AktBob.GetOrganized\AktBob.GetOrganized.csproj", "{250D0C49-2284-40D8-BE80-5446161D4600}"
EndProject
Project("{FAE04EC0-301F-11D3-BF4B-00C04F79EFBC}") = "AktBob.Worker", "src\AktBob.Worker\AktBob.Worker.csproj", "{AB717426-EE39-4C39-A2EC-4FF4C49FE647}"
EndProject
Project("{FAE04EC0-301F-11D3-BF4B-00C04F79EFBC}") = "AktBob.Api", "src\AktBob.Api\AktBob.Api.csproj", "{C45E6C7B-6B9E-4DE1-8A36-91BC4DB7C92D}"
EndProject
Project("{2150E333-8FDC-42A3-9474-1A3956D46DE8}") = "src", "src", "{F4C64018-0A98-4F30-8B25-201D834C5C3A}"
EndProject
Project("{2150E333-8FDC-42A3-9474-1A3956D46DE8}") = "tests", "tests", "{3CCD0659-ACDF-4B5F-9C30-67D990BAE5A0}"
EndProject
Project("{FAE04EC0-301F-11D3-BF4B-00C04F79EFBC}") = "AktBob.CloudConvert.Tests.Unit", "test\AktBob.CloudConvert.Tests.Unit\AktBob.CloudConvert.Tests.Unit.csproj", "{2000EFA2-664B-48A0-94EF-FF2AAC9EB76E}"
EndProject
Project("{FAE04EC0-301F-11D3-BF4B-00C04F79EFBC}") = "AktBob.Workflows", "src\AktBob.Workflows\AktBob.Workflows.csproj", "{6EEDBA7E-4B3A-7331-C86E-7DD466C268AB}"
EndProject
Project("{FAE04EC0-301F-11D3-BF4B-00C04F79EFBC}") = "AktBob.Database.Tests.Unit", "test\AktBob.Database.Tests.Unit\AktBob.Database.Tests.Unit.csproj", "{3DFE0582-AB04-784A-55CE-AC53DA2FF1D9}"
EndProject
Project("{FAE04EC0-301F-11D3-BF4B-00C04F79EFBC}") = "AktBob.Deskpro.Tests.Unit", "test\AktBob.Deskpro.Tests.Unit\AktBob.Deskpro.Tests.Unit.csproj", "{85F2D947-4058-B880-8B7A-CF1C43B4B775}"
EndProject
Project("{FAE04EC0-301F-11D3-BF4B-00C04F79EFBC}") = "AktBob.Shared.Tests.Unit", "test\AktBob.Shared.Tests.Unit\AktBob.Shared.Tests.Unit.csproj", "{F81B7549-7828-1B5E-D482-D1600D8BAD2C}"
EndProject
Project("{FAE04EC0-301F-11D3-BF4B-00C04F79EFBC}") = "AktBob.Tests.Shared", "test\AktBob.Tests.Shared\AktBob.Tests.Shared.csproj", "{3E1280FD-45C8-C87C-7A8C-A7CBE9499CE8}"
EndProject
Project("{FAE04EC0-301F-11D3-BF4B-00C04F79EFBC}") = "AktBob.Email.Tests.Unit", "test\AktBob.Email.Tests.Unit\AktBob.Email.Tests.Unit.csproj", "{1D3AC921-BA6E-4620-BFE7-48062FF9AD70}"
EndProject
Project("{2150E333-8FDC-42A3-9474-1A3956D46DE8}") = "Modules", "Modules", "{C8B73F55-D8C6-403F-B2B4-D4BC645339F5}"
EndProject
Project("{FAE04EC0-301F-11D3-BF4B-00C04F79EFBC}") = "Aktbob.Modules.Deskpro", "src\Modules\Aktbob.Modules.Deskpro\Aktbob.Modules.Deskpro.csproj", "{00A2F974-4B20-40C4-AE48-C00C6A902F54}"
EndProject
Project("{2150E333-8FDC-42A3-9474-1A3956D46DE8}") = "Processors", "Processors", "{7B9E63DC-4996-45A9-8449-A241D79B3FD3}"
EndProject
Project("{FAE04EC0-301F-11D3-BF4B-00C04F79EFBC}") = "Aktbob.Modules.OpenOrchestrator", "src\Modules\Aktbob.Modules.OpenOrchestrator\Aktbob.Modules.OpenOrchestrator.csproj", "{0B7C690D-12C8-4A7C-ACCE-E780DFC8DF75}"
EndProject
Project("{FAE04EC0-301F-11D3-BF4B-00C04F79EFBC}") = "Aktbob.Processors.JournalizeEverything", "src\Processors\Aktbob.Processors.JournalizeEverything\Aktbob.Processors.JournalizeEverything.csproj", "{4502E542-7113-4926-AE5E-A4453663F119}"
EndProject
Project("{FAE04EC0-301F-11D3-BF4B-00C04F79EFBC}") = "Aktbob.Processors.Afgoerelsesskrivelse", "src\Processors\Aktbob.Processors.Afgoerelsesskrivelse\Aktbob.Processors.Afgoerelsesskrivelse.csproj", "{4899F592-0446-4C39-BFDF-BC02D95FEC49}"
EndProject
Project("{FAE04EC0-301F-11D3-BF4B-00C04F79EFBC}") = "Aktbob.Modules.Podio", "src\Modules\Aktbob.Modules.Podio\Aktbob.Modules.Podio.csproj", "{0166C993-F3D0-4BF5-9C9F-77174A6C05C0}"
EndProject
Project("{FAE04EC0-301F-11D3-BF4B-00C04F79EFBC}") = "Aktbob.Processors.ToFilArkiv", "src\Processors\Aktbob.Processors.ToFilArkiv\Aktbob.Processors.ToFilArkiv.csproj", "{326FC1D4-C9FC-405B-8F06-0056B9EFDE18}"
EndProject
Project("{FAE04EC0-301F-11D3-BF4B-00C04F79EFBC}") = "Aktbob.Processors.ToSharepoint", "src\Processors\Aktbob.Processors.ToSharepoint\Aktbob.Processors.ToSharepoint.csproj", "{54249B6B-D086-4818-8111-B69F7A982743}"
EndProject
Project("{FAE04EC0-301F-11D3-BF4B-00C04F79EFBC}") = "Aktbob.Processors.DocumentList", "src\Processors\Aktbob.Processors.DocumentList\Aktbob.Processors.DocumentList.csproj", "{59CC8E3A-3F1D-4C6C-902C-D1580ABA930D}"
EndProject
Project("{FAE04EC0-301F-11D3-BF4B-00C04F79EFBC}") = "Aktbob.Processors.OS2FormsSubmissions", "src\Processors\Aktbob.Processors.OS2FormsSubmissions\Aktbob.Processors.OS2FormsSubmissions.csproj", "{4FF2EB1E-55DA-4A25-AA8F-1E244B952B1B}"
EndProject
Project("{FAE04EC0-301F-11D3-BF4B-00C04F79EFBC}") = "Aktbob.Processors.Cleanup", "src\Processors\Aktbob.Processors.Cleanup\Aktbob.Processors.Cleanup.csproj", "{11D5FF20-DF5A-40C2-89F1-8BFB466C0264}"
EndProject
Project("{FAE04EC0-301F-11D3-BF4B-00C04F79EFBC}") = "Aktbob.Modules.FilArkiv", "src\Modules\Aktbob.Modules.FilArkiv\Aktbob.Modules.FilArkiv.csproj", "{2B1BB6D2-C62F-4B6C-B758-EC3E22F1AC0B}"
EndProject
Project("{FAE04EC0-301F-11D3-BF4B-00C04F79EFBC}") = "Aktbob.Processors.CheckOcrScreeningStatus", "src\Processors\Aktbob.Processors.CheckOcrScreeningStatus\Aktbob.Processors.CheckOcrScreeningStatus.csproj", "{983D2FF4-5BE7-47C4-BD5F-4A16C536C11F}"
EndProject
Project("{2150E333-8FDC-42A3-9474-1A3956D46DE8}") = "Database", "Database", "{2A87FB96-3337-4C1B-976A-A6876D23B11E}"
EndProject
Project("{FAE04EC0-301F-11D3-BF4B-00C04F79EFBC}") = "Aktbob.Processors.SendEmail", "src\Processors\Aktbob.Processors.SendEmail\Aktbob.Processors.SendEmail.csproj", "{07DC38C3-CA91-44AA-A4BF-C4C28117467E}"
EndProject
Project("{2150E333-8FDC-42A3-9474-1A3956D46DE8}") = "Aktbob.Modules.Deskpro", "Aktbob.Modules.Deskpro", "{A27526F1-6C9D-4E6A-9630-6D7E38B203D8}"
EndProject
Project("{FAE04EC0-301F-11D3-BF4B-00C04F79EFBC}") = "Aktbob.Modules.Deskpro.Api", "src\Modules\Aktbob.Modules.Deskpro.Api\Aktbob.Modules.Deskpro.Api.csproj", "{44B1EF22-121C-4412-8017-337B44706BB6}"
EndProject
Project("{2150E333-8FDC-42A3-9474-1A3956D46DE8}") = "Aktbob.Modules.Podio", "Aktbob.Modules.Podio", "{CA8AD78E-0262-4D14-8348-8EB2F0DD91DE}"
EndProject
Project("{FAE04EC0-301F-11D3-BF4B-00C04F79EFBC}") = "Aktbob.Modules.Podio.Api", "src\Modules\Aktbob.Modules.Podio.Api\Aktbob.Modules.Podio.Api.csproj", "{F80995E6-84DE-466E-B672-5BA7DDA53EEC}"
EndProject
Project("{2150E333-8FDC-42A3-9474-1A3956D46DE8}") = "Aktbob.Modules.FilArkiv", "Aktbob.Modules.FilArkiv", "{9DDB399B-3B56-4624-AD88-B559D793635C}"
EndProject
Project("{2150E333-8FDC-42A3-9474-1A3956D46DE8}") = "Aktbob.Modules.OpenOrchestrator", "Aktbob.Modules.OpenOrchestrator", "{C953A8EF-CACF-4194-B6F7-85A53AE8E905}"
EndProject
Global
	GlobalSection(SolutionConfigurationPlatforms) = preSolution
		Debug|Any CPU = Debug|Any CPU
		Release|Any CPU = Release|Any CPU
	EndGlobalSection
	GlobalSection(ProjectConfigurationPlatforms) = postSolution
		{5B795FD1-81A1-4878-8802-1AF87DEBC4D7}.Debug|Any CPU.ActiveCfg = Debug|Any CPU
		{5B795FD1-81A1-4878-8802-1AF87DEBC4D7}.Debug|Any CPU.Build.0 = Debug|Any CPU
		{5B795FD1-81A1-4878-8802-1AF87DEBC4D7}.Release|Any CPU.ActiveCfg = Release|Any CPU
		{5B795FD1-81A1-4878-8802-1AF87DEBC4D7}.Release|Any CPU.Build.0 = Release|Any CPU
		{CB2CA8BD-C3DD-481A-9CC0-0F15C493799A}.Debug|Any CPU.ActiveCfg = Debug|Any CPU
		{CB2CA8BD-C3DD-481A-9CC0-0F15C493799A}.Debug|Any CPU.Build.0 = Debug|Any CPU
		{CB2CA8BD-C3DD-481A-9CC0-0F15C493799A}.Release|Any CPU.ActiveCfg = Release|Any CPU
		{CB2CA8BD-C3DD-481A-9CC0-0F15C493799A}.Release|Any CPU.Build.0 = Release|Any CPU
		{7F0C73FF-3D2A-4906-BA15-E6FE62746527}.Debug|Any CPU.ActiveCfg = Debug|Any CPU
		{7F0C73FF-3D2A-4906-BA15-E6FE62746527}.Debug|Any CPU.Build.0 = Debug|Any CPU
		{7F0C73FF-3D2A-4906-BA15-E6FE62746527}.Release|Any CPU.ActiveCfg = Release|Any CPU
		{7F0C73FF-3D2A-4906-BA15-E6FE62746527}.Release|Any CPU.Build.0 = Release|Any CPU
		{2F8F09A9-0BC4-46A8-BC83-6AC6865D1EF9}.Debug|Any CPU.ActiveCfg = Debug|Any CPU
		{2F8F09A9-0BC4-46A8-BC83-6AC6865D1EF9}.Debug|Any CPU.Build.0 = Debug|Any CPU
		{2F8F09A9-0BC4-46A8-BC83-6AC6865D1EF9}.Debug|Any CPU.Deploy.0 = Debug|Any CPU
		{2F8F09A9-0BC4-46A8-BC83-6AC6865D1EF9}.Release|Any CPU.ActiveCfg = Release|Any CPU
		{2F8F09A9-0BC4-46A8-BC83-6AC6865D1EF9}.Release|Any CPU.Build.0 = Release|Any CPU
		{2F8F09A9-0BC4-46A8-BC83-6AC6865D1EF9}.Release|Any CPU.Deploy.0 = Release|Any CPU
		{250D0C49-2284-40D8-BE80-5446161D4600}.Debug|Any CPU.ActiveCfg = Debug|Any CPU
		{250D0C49-2284-40D8-BE80-5446161D4600}.Debug|Any CPU.Build.0 = Debug|Any CPU
		{250D0C49-2284-40D8-BE80-5446161D4600}.Release|Any CPU.ActiveCfg = Release|Any CPU
		{250D0C49-2284-40D8-BE80-5446161D4600}.Release|Any CPU.Build.0 = Release|Any CPU
		{AB717426-EE39-4C39-A2EC-4FF4C49FE647}.Debug|Any CPU.ActiveCfg = Debug|Any CPU
		{AB717426-EE39-4C39-A2EC-4FF4C49FE647}.Debug|Any CPU.Build.0 = Debug|Any CPU
		{AB717426-EE39-4C39-A2EC-4FF4C49FE647}.Release|Any CPU.ActiveCfg = Release|Any CPU
		{AB717426-EE39-4C39-A2EC-4FF4C49FE647}.Release|Any CPU.Build.0 = Release|Any CPU
		{C45E6C7B-6B9E-4DE1-8A36-91BC4DB7C92D}.Debug|Any CPU.ActiveCfg = Debug|Any CPU
		{C45E6C7B-6B9E-4DE1-8A36-91BC4DB7C92D}.Debug|Any CPU.Build.0 = Debug|Any CPU
		{C45E6C7B-6B9E-4DE1-8A36-91BC4DB7C92D}.Release|Any CPU.ActiveCfg = Release|Any CPU
		{C45E6C7B-6B9E-4DE1-8A36-91BC4DB7C92D}.Release|Any CPU.Build.0 = Release|Any CPU
		{2000EFA2-664B-48A0-94EF-FF2AAC9EB76E}.Debug|Any CPU.ActiveCfg = Debug|Any CPU
		{2000EFA2-664B-48A0-94EF-FF2AAC9EB76E}.Debug|Any CPU.Build.0 = Debug|Any CPU
		{2000EFA2-664B-48A0-94EF-FF2AAC9EB76E}.Release|Any CPU.ActiveCfg = Release|Any CPU
		{2000EFA2-664B-48A0-94EF-FF2AAC9EB76E}.Release|Any CPU.Build.0 = Release|Any CPU
		{6EEDBA7E-4B3A-7331-C86E-7DD466C268AB}.Debug|Any CPU.ActiveCfg = Debug|Any CPU
		{6EEDBA7E-4B3A-7331-C86E-7DD466C268AB}.Debug|Any CPU.Build.0 = Debug|Any CPU
		{6EEDBA7E-4B3A-7331-C86E-7DD466C268AB}.Release|Any CPU.ActiveCfg = Release|Any CPU
		{6EEDBA7E-4B3A-7331-C86E-7DD466C268AB}.Release|Any CPU.Build.0 = Release|Any CPU
		{3DFE0582-AB04-784A-55CE-AC53DA2FF1D9}.Debug|Any CPU.ActiveCfg = Debug|Any CPU
		{3DFE0582-AB04-784A-55CE-AC53DA2FF1D9}.Debug|Any CPU.Build.0 = Debug|Any CPU
		{3DFE0582-AB04-784A-55CE-AC53DA2FF1D9}.Release|Any CPU.ActiveCfg = Release|Any CPU
		{3DFE0582-AB04-784A-55CE-AC53DA2FF1D9}.Release|Any CPU.Build.0 = Release|Any CPU
		{85F2D947-4058-B880-8B7A-CF1C43B4B775}.Debug|Any CPU.ActiveCfg = Debug|Any CPU
		{85F2D947-4058-B880-8B7A-CF1C43B4B775}.Debug|Any CPU.Build.0 = Debug|Any CPU
		{85F2D947-4058-B880-8B7A-CF1C43B4B775}.Release|Any CPU.ActiveCfg = Release|Any CPU
		{85F2D947-4058-B880-8B7A-CF1C43B4B775}.Release|Any CPU.Build.0 = Release|Any CPU
		{F81B7549-7828-1B5E-D482-D1600D8BAD2C}.Debug|Any CPU.ActiveCfg = Debug|Any CPU
		{F81B7549-7828-1B5E-D482-D1600D8BAD2C}.Debug|Any CPU.Build.0 = Debug|Any CPU
		{F81B7549-7828-1B5E-D482-D1600D8BAD2C}.Release|Any CPU.ActiveCfg = Release|Any CPU
		{F81B7549-7828-1B5E-D482-D1600D8BAD2C}.Release|Any CPU.Build.0 = Release|Any CPU
		{3E1280FD-45C8-C87C-7A8C-A7CBE9499CE8}.Debug|Any CPU.ActiveCfg = Debug|Any CPU
		{3E1280FD-45C8-C87C-7A8C-A7CBE9499CE8}.Debug|Any CPU.Build.0 = Debug|Any CPU
		{3E1280FD-45C8-C87C-7A8C-A7CBE9499CE8}.Release|Any CPU.ActiveCfg = Release|Any CPU
		{3E1280FD-45C8-C87C-7A8C-A7CBE9499CE8}.Release|Any CPU.Build.0 = Release|Any CPU
		{1D3AC921-BA6E-4620-BFE7-48062FF9AD70}.Debug|Any CPU.ActiveCfg = Debug|Any CPU
		{1D3AC921-BA6E-4620-BFE7-48062FF9AD70}.Debug|Any CPU.Build.0 = Debug|Any CPU
		{1D3AC921-BA6E-4620-BFE7-48062FF9AD70}.Release|Any CPU.ActiveCfg = Release|Any CPU
		{1D3AC921-BA6E-4620-BFE7-48062FF9AD70}.Release|Any CPU.Build.0 = Release|Any CPU
		{00A2F974-4B20-40C4-AE48-C00C6A902F54}.Debug|Any CPU.ActiveCfg = Debug|Any CPU
		{00A2F974-4B20-40C4-AE48-C00C6A902F54}.Debug|Any CPU.Build.0 = Debug|Any CPU
		{00A2F974-4B20-40C4-AE48-C00C6A902F54}.Release|Any CPU.ActiveCfg = Release|Any CPU
		{00A2F974-4B20-40C4-AE48-C00C6A902F54}.Release|Any CPU.Build.0 = Release|Any CPU
		{0B7C690D-12C8-4A7C-ACCE-E780DFC8DF75}.Debug|Any CPU.ActiveCfg = Debug|Any CPU
		{0B7C690D-12C8-4A7C-ACCE-E780DFC8DF75}.Debug|Any CPU.Build.0 = Debug|Any CPU
		{0B7C690D-12C8-4A7C-ACCE-E780DFC8DF75}.Release|Any CPU.ActiveCfg = Release|Any CPU
		{0B7C690D-12C8-4A7C-ACCE-E780DFC8DF75}.Release|Any CPU.Build.0 = Release|Any CPU
		{4502E542-7113-4926-AE5E-A4453663F119}.Debug|Any CPU.ActiveCfg = Debug|Any CPU
		{4502E542-7113-4926-AE5E-A4453663F119}.Debug|Any CPU.Build.0 = Debug|Any CPU
		{4502E542-7113-4926-AE5E-A4453663F119}.Release|Any CPU.ActiveCfg = Release|Any CPU
		{4502E542-7113-4926-AE5E-A4453663F119}.Release|Any CPU.Build.0 = Release|Any CPU
		{4899F592-0446-4C39-BFDF-BC02D95FEC49}.Debug|Any CPU.ActiveCfg = Debug|Any CPU
		{4899F592-0446-4C39-BFDF-BC02D95FEC49}.Debug|Any CPU.Build.0 = Debug|Any CPU
		{4899F592-0446-4C39-BFDF-BC02D95FEC49}.Release|Any CPU.ActiveCfg = Release|Any CPU
		{4899F592-0446-4C39-BFDF-BC02D95FEC49}.Release|Any CPU.Build.0 = Release|Any CPU
		{0166C993-F3D0-4BF5-9C9F-77174A6C05C0}.Debug|Any CPU.ActiveCfg = Debug|Any CPU
		{0166C993-F3D0-4BF5-9C9F-77174A6C05C0}.Debug|Any CPU.Build.0 = Debug|Any CPU
		{0166C993-F3D0-4BF5-9C9F-77174A6C05C0}.Release|Any CPU.ActiveCfg = Release|Any CPU
		{0166C993-F3D0-4BF5-9C9F-77174A6C05C0}.Release|Any CPU.Build.0 = Release|Any CPU
		{326FC1D4-C9FC-405B-8F06-0056B9EFDE18}.Debug|Any CPU.ActiveCfg = Debug|Any CPU
		{326FC1D4-C9FC-405B-8F06-0056B9EFDE18}.Debug|Any CPU.Build.0 = Debug|Any CPU
		{326FC1D4-C9FC-405B-8F06-0056B9EFDE18}.Release|Any CPU.ActiveCfg = Release|Any CPU
		{326FC1D4-C9FC-405B-8F06-0056B9EFDE18}.Release|Any CPU.Build.0 = Release|Any CPU
		{54249B6B-D086-4818-8111-B69F7A982743}.Debug|Any CPU.ActiveCfg = Debug|Any CPU
		{54249B6B-D086-4818-8111-B69F7A982743}.Debug|Any CPU.Build.0 = Debug|Any CPU
		{54249B6B-D086-4818-8111-B69F7A982743}.Release|Any CPU.ActiveCfg = Release|Any CPU
		{54249B6B-D086-4818-8111-B69F7A982743}.Release|Any CPU.Build.0 = Release|Any CPU
		{59CC8E3A-3F1D-4C6C-902C-D1580ABA930D}.Debug|Any CPU.ActiveCfg = Debug|Any CPU
		{59CC8E3A-3F1D-4C6C-902C-D1580ABA930D}.Debug|Any CPU.Build.0 = Debug|Any CPU
		{59CC8E3A-3F1D-4C6C-902C-D1580ABA930D}.Release|Any CPU.ActiveCfg = Release|Any CPU
		{59CC8E3A-3F1D-4C6C-902C-D1580ABA930D}.Release|Any CPU.Build.0 = Release|Any CPU
		{4FF2EB1E-55DA-4A25-AA8F-1E244B952B1B}.Debug|Any CPU.ActiveCfg = Debug|Any CPU
		{4FF2EB1E-55DA-4A25-AA8F-1E244B952B1B}.Debug|Any CPU.Build.0 = Debug|Any CPU
		{4FF2EB1E-55DA-4A25-AA8F-1E244B952B1B}.Release|Any CPU.ActiveCfg = Release|Any CPU
		{4FF2EB1E-55DA-4A25-AA8F-1E244B952B1B}.Release|Any CPU.Build.0 = Release|Any CPU
		{11D5FF20-DF5A-40C2-89F1-8BFB466C0264}.Debug|Any CPU.ActiveCfg = Debug|Any CPU
		{11D5FF20-DF5A-40C2-89F1-8BFB466C0264}.Debug|Any CPU.Build.0 = Debug|Any CPU
		{11D5FF20-DF5A-40C2-89F1-8BFB466C0264}.Release|Any CPU.ActiveCfg = Release|Any CPU
		{11D5FF20-DF5A-40C2-89F1-8BFB466C0264}.Release|Any CPU.Build.0 = Release|Any CPU
		{2B1BB6D2-C62F-4B6C-B758-EC3E22F1AC0B}.Debug|Any CPU.ActiveCfg = Debug|Any CPU
		{2B1BB6D2-C62F-4B6C-B758-EC3E22F1AC0B}.Debug|Any CPU.Build.0 = Debug|Any CPU
		{2B1BB6D2-C62F-4B6C-B758-EC3E22F1AC0B}.Release|Any CPU.ActiveCfg = Release|Any CPU
		{2B1BB6D2-C62F-4B6C-B758-EC3E22F1AC0B}.Release|Any CPU.Build.0 = Release|Any CPU
		{983D2FF4-5BE7-47C4-BD5F-4A16C536C11F}.Debug|Any CPU.ActiveCfg = Debug|Any CPU
		{983D2FF4-5BE7-47C4-BD5F-4A16C536C11F}.Debug|Any CPU.Build.0 = Debug|Any CPU
		{983D2FF4-5BE7-47C4-BD5F-4A16C536C11F}.Release|Any CPU.ActiveCfg = Release|Any CPU
		{983D2FF4-5BE7-47C4-BD5F-4A16C536C11F}.Release|Any CPU.Build.0 = Release|Any CPU
		{07DC38C3-CA91-44AA-A4BF-C4C28117467E}.Debug|Any CPU.ActiveCfg = Debug|Any CPU
		{07DC38C3-CA91-44AA-A4BF-C4C28117467E}.Debug|Any CPU.Build.0 = Debug|Any CPU
		{07DC38C3-CA91-44AA-A4BF-C4C28117467E}.Release|Any CPU.ActiveCfg = Release|Any CPU
		{07DC38C3-CA91-44AA-A4BF-C4C28117467E}.Release|Any CPU.Build.0 = Release|Any CPU
		{44B1EF22-121C-4412-8017-337B44706BB6}.Debug|Any CPU.ActiveCfg = Debug|Any CPU
		{44B1EF22-121C-4412-8017-337B44706BB6}.Debug|Any CPU.Build.0 = Debug|Any CPU
		{44B1EF22-121C-4412-8017-337B44706BB6}.Release|Any CPU.ActiveCfg = Release|Any CPU
		{44B1EF22-121C-4412-8017-337B44706BB6}.Release|Any CPU.Build.0 = Release|Any CPU
		{F80995E6-84DE-466E-B672-5BA7DDA53EEC}.Debug|Any CPU.ActiveCfg = Debug|Any CPU
		{F80995E6-84DE-466E-B672-5BA7DDA53EEC}.Debug|Any CPU.Build.0 = Debug|Any CPU
		{F80995E6-84DE-466E-B672-5BA7DDA53EEC}.Release|Any CPU.ActiveCfg = Release|Any CPU
		{F80995E6-84DE-466E-B672-5BA7DDA53EEC}.Release|Any CPU.Build.0 = Release|Any CPU
	EndGlobalSection
	GlobalSection(SolutionProperties) = preSolution
		HideSolutionNode = FALSE
	EndGlobalSection
	GlobalSection(NestedProjects) = preSolution
		{68E05508-A190-4AA6-A41E-E0F77C3FF68A} = {F4C64018-0A98-4F30-8B25-201D834C5C3A}
		{5B795FD1-81A1-4878-8802-1AF87DEBC4D7} = {F4C64018-0A98-4F30-8B25-201D834C5C3A}
		{CB2CA8BD-C3DD-481A-9CC0-0F15C493799A} = {C8B73F55-D8C6-403F-B2B4-D4BC645339F5}
		{AB717426-EE39-4C39-A2EC-4FF4C49FE647} = {F4C64018-0A98-4F30-8B25-201D834C5C3A}
		{C45E6C7B-6B9E-4DE1-8A36-91BC4DB7C92D} = {F4C64018-0A98-4F30-8B25-201D834C5C3A}
		{2000EFA2-664B-48A0-94EF-FF2AAC9EB76E} = {3CCD0659-ACDF-4B5F-9C30-67D990BAE5A0}
		{6EEDBA7E-4B3A-7331-C86E-7DD466C268AB} = {F4C64018-0A98-4F30-8B25-201D834C5C3A}
		{3DFE0582-AB04-784A-55CE-AC53DA2FF1D9} = {3CCD0659-ACDF-4B5F-9C30-67D990BAE5A0}
		{85F2D947-4058-B880-8B7A-CF1C43B4B775} = {3CCD0659-ACDF-4B5F-9C30-67D990BAE5A0}
		{F81B7549-7828-1B5E-D482-D1600D8BAD2C} = {3CCD0659-ACDF-4B5F-9C30-67D990BAE5A0}
		{3E1280FD-45C8-C87C-7A8C-A7CBE9499CE8} = {3CCD0659-ACDF-4B5F-9C30-67D990BAE5A0}
		{1D3AC921-BA6E-4620-BFE7-48062FF9AD70} = {3CCD0659-ACDF-4B5F-9C30-67D990BAE5A0}
		{C8B73F55-D8C6-403F-B2B4-D4BC645339F5} = {F4C64018-0A98-4F30-8B25-201D834C5C3A}
		{250D0C49-2284-40D8-BE80-5446161D4600} = {C8B73F55-D8C6-403F-B2B4-D4BC645339F5}
		{7B9E63DC-4996-45A9-8449-A241D79B3FD3} = {F4C64018-0A98-4F30-8B25-201D834C5C3A}
		{4502E542-7113-4926-AE5E-A4453663F119} = {7B9E63DC-4996-45A9-8449-A241D79B3FD3}
		{4899F592-0446-4C39-BFDF-BC02D95FEC49} = {7B9E63DC-4996-45A9-8449-A241D79B3FD3}
		{326FC1D4-C9FC-405B-8F06-0056B9EFDE18} = {7B9E63DC-4996-45A9-8449-A241D79B3FD3}
		{54249B6B-D086-4818-8111-B69F7A982743} = {7B9E63DC-4996-45A9-8449-A241D79B3FD3}
		{59CC8E3A-3F1D-4C6C-902C-D1580ABA930D} = {7B9E63DC-4996-45A9-8449-A241D79B3FD3}
		{4FF2EB1E-55DA-4A25-AA8F-1E244B952B1B} = {7B9E63DC-4996-45A9-8449-A241D79B3FD3}
		{11D5FF20-DF5A-40C2-89F1-8BFB466C0264} = {7B9E63DC-4996-45A9-8449-A241D79B3FD3}
		{983D2FF4-5BE7-47C4-BD5F-4A16C536C11F} = {7B9E63DC-4996-45A9-8449-A241D79B3FD3}
		{2A87FB96-3337-4C1B-976A-A6876D23B11E} = {F4C64018-0A98-4F30-8B25-201D834C5C3A}
		{7F0C73FF-3D2A-4906-BA15-E6FE62746527} = {2A87FB96-3337-4C1B-976A-A6876D23B11E}
		{2F8F09A9-0BC4-46A8-BC83-6AC6865D1EF9} = {2A87FB96-3337-4C1B-976A-A6876D23B11E}
		{07DC38C3-CA91-44AA-A4BF-C4C28117467E} = {7B9E63DC-4996-45A9-8449-A241D79B3FD3}
		{A27526F1-6C9D-4E6A-9630-6D7E38B203D8} = {C8B73F55-D8C6-403F-B2B4-D4BC645339F5}
		{00A2F974-4B20-40C4-AE48-C00C6A902F54} = {A27526F1-6C9D-4E6A-9630-6D7E38B203D8}
		{44B1EF22-121C-4412-8017-337B44706BB6} = {A27526F1-6C9D-4E6A-9630-6D7E38B203D8}
		{CA8AD78E-0262-4D14-8348-8EB2F0DD91DE} = {C8B73F55-D8C6-403F-B2B4-D4BC645339F5}
		{F80995E6-84DE-466E-B672-5BA7DDA53EEC} = {CA8AD78E-0262-4D14-8348-8EB2F0DD91DE}
		{0166C993-F3D0-4BF5-9C9F-77174A6C05C0} = {CA8AD78E-0262-4D14-8348-8EB2F0DD91DE}
		{9DDB399B-3B56-4624-AD88-B559D793635C} = {C8B73F55-D8C6-403F-B2B4-D4BC645339F5}
		{2B1BB6D2-C62F-4B6C-B758-EC3E22F1AC0B} = {9DDB399B-3B56-4624-AD88-B559D793635C}
		{C953A8EF-CACF-4194-B6F7-85A53AE8E905} = {C8B73F55-D8C6-403F-B2B4-D4BC645339F5}
		{0B7C690D-12C8-4A7C-ACCE-E780DFC8DF75} = {C953A8EF-CACF-4194-B6F7-85A53AE8E905}
	EndGlobalSection
	GlobalSection(ExtensibilityGlobals) = postSolution
		SolutionGuid = {DBB2F06B-94A3-444E-875A-BA6E8CA925B3}
	EndGlobalSection
EndGlobal
