
Microsoft Visual Studio Solution File, Format Version 12.00
# Visual Studio Version 17
VisualStudioVersion = 17.10.35013.160
MinimumVisualStudioVersion = 10.0.40219.1
Project("{9A19103F-16F7-4668-BE54-9A1E7A4F7556}") = "AktBob.Email", "src\AktBob.Email\AktBob.Email.csproj", "{57215D5C-7983-4A89-B722-307B8A354BC1}"
EndProject
Project("{9A19103F-16F7-4668-BE54-9A1E7A4F7556}") = "AktBob.Deskpro", "src\AktBob.Deskpro\AktBob.Deskpro.csproj", "{AFBF76D1-F040-4ED7-8575-EA02043CE4BC}"
EndProject
Project("{9A19103F-16F7-4668-BE54-9A1E7A4F7556}") = "AktBob.Podio", "src\AktBob.Podio\AktBob.Podio.csproj", "{AC88B646-4DB9-45BB-82C2-FD9F55B181C1}"
EndProject
Project("{2150E333-8FDC-42A3-9474-1A3956D46DE8}") = "Solution Items", "Solution Items", "{68E05508-A190-4AA6-A41E-E0F77C3FF68A}"
	ProjectSection(SolutionItems) = preProject
		src\compose.yaml = src\compose.yaml
		src\nuget.config = src\nuget.config
		README.md = README.md
		README-deployment.md = README-deployment.md
	EndProjectSection
EndProject
Project("{9A19103F-16F7-4668-BE54-9A1E7A4F7556}") = "AktBob.Shared", "src\AktBob.Shared\AktBob.Shared.csproj", "{5B795FD1-81A1-4878-8802-1AF87DEBC4D7}"
EndProject
Project("{2150E333-8FDC-42A3-9474-1A3956D46DE8}") = "Open Orchestrator Module", "Open Orchestrator Module", "{DBA389E7-9083-440B-9BCA-E30B66858A86}"
EndProject
Project("{FAE04EC0-301F-11D3-BF4B-00C04F79EFBC}") = "AktBob.OpenOrchestrator", "src\AktBob.OpenOrchestrator\AktBob.OpenOrchestrator.csproj", "{DF26FC91-4DD2-4500-B955-22F6F522B782}"
EndProject
Project("{FAE04EC0-301F-11D3-BF4B-00C04F79EFBC}") = "AktBob.OpenOrchestrator.Contracts", "src\AktBob.OpenOrchestrator.Contracts\AktBob.OpenOrchestrator.Contracts.csproj", "{B7378D07-6FE1-49C7-9BB5-B7D693FE446A}"
EndProject
Project("{FAE04EC0-301F-11D3-BF4B-00C04F79EFBC}") = "AktBob.CloudConvert", "src\AktBob.CloudConvert\AktBob.CloudConvert.csproj", "{CB2CA8BD-C3DD-481A-9CC0-0F15C493799A}"
EndProject
Project("{2150E333-8FDC-42A3-9474-1A3956D46DE8}") = "Database Module", "Database Module", "{5D2EE99D-5B8F-4AC3-9E73-0405BF1DE4D3}"
EndProject
Project("{FAE04EC0-301F-11D3-BF4B-00C04F79EFBC}") = "AktBob.Database", "src\AktBob.Database\AktBob.Database.csproj", "{7F0C73FF-3D2A-4906-BA15-E6FE62746527}"
EndProject
Project("{00D1A9C2-B5F0-4AF3-8072-F6C62B433612}") = "AktBob.Database.SQL", "src\AktBob.Database.SQL\AktBob.Database.SQL.sqlproj", "{2F8F09A9-0BC4-46A8-BC83-6AC6865D1EF9}"
EndProject
Project("{FAE04EC0-301F-11D3-BF4B-00C04F79EFBC}") = "AktBob.GetOrganized", "src\AktBob.GetOrganized\AktBob.GetOrganized.csproj", "{250D0C49-2284-40D8-BE80-5446161D4600}"
EndProject
Project("{FAE04EC0-301F-11D3-BF4B-00C04F79EFBC}") = "AktBob.Worker", "src\AktBob.Worker\AktBob.Worker.csproj", "{AB717426-EE39-4C39-A2EC-4FF4C49FE647}"
EndProject
Project("{FAE04EC0-301F-11D3-BF4B-00C04F79EFBC}") = "AktBob.Api", "src\AktBob.Api\AktBob.Api.csproj", "{C45E6C7B-6B9E-4DE1-8A36-91BC4DB7C92D}"
EndProject
Project("{2150E333-8FDC-42A3-9474-1A3956D46DE8}") = "src", "src", "{F4C64018-0A98-4F30-8B25-201D834C5C3A}"
EndProject
Project("{2150E333-8FDC-42A3-9474-1A3956D46DE8}") = "tests", "tests", "{3CCD0659-ACDF-4B5F-9C30-67D990BAE5A0}"
EndProject
Project("{FAE04EC0-301F-11D3-BF4B-00C04F79EFBC}") = "AktBob.CloudConvert.Tests.Unit", "test\AktBob.CloudConvert.Tests.Unit\AktBob.CloudConvert.Tests.Unit.csproj", "{2000EFA2-664B-48A0-94EF-FF2AAC9EB76E}"
EndProject
Project("{FAE04EC0-301F-11D3-BF4B-00C04F79EFBC}") = "AktBob.Workflows", "src\AktBob.Workflows\AktBob.Workflows.csproj", "{6EEDBA7E-4B3A-7331-C86E-7DD466C268AB}"
EndProject
Project("{FAE04EC0-301F-11D3-BF4B-00C04F79EFBC}") = "AktBob.Database.Tests.Unit", "test\AktBob.Database.Tests.Unit\AktBob.Database.Tests.Unit.csproj", "{3DFE0582-AB04-784A-55CE-AC53DA2FF1D9}"
EndProject
Project("{FAE04EC0-301F-11D3-BF4B-00C04F79EFBC}") = "AktBob.Deskpro.Tests.Unit", "test\AktBob.Deskpro.Tests.Unit\AktBob.Deskpro.Tests.Unit.csproj", "{85F2D947-4058-B880-8B7A-CF1C43B4B775}"
EndProject
Project("{FAE04EC0-301F-11D3-BF4B-00C04F79EFBC}") = "AktBob.OpenOrchestrator.Tests.Unit", "test\AktBob.OpenOrchestrator.Tests.Unit\AktBob.OpenOrchestrator.Tests.Unit.csproj", "{E1F3963A-825C-E59A-D9CD-A652CAB9D915}"
EndProject
Project("{FAE04EC0-301F-11D3-BF4B-00C04F79EFBC}") = "AktBob.Shared.Tests.Unit", "test\AktBob.Shared.Tests.Unit\AktBob.Shared.Tests.Unit.csproj", "{F81B7549-7828-1B5E-D482-D1600D8BAD2C}"
EndProject
Project("{FAE04EC0-301F-11D3-BF4B-00C04F79EFBC}") = "AktBob.Tests.Shared", "test\AktBob.Tests.Shared\AktBob.Tests.Shared.csproj", "{3E1280FD-45C8-C87C-7A8C-A7CBE9499CE8}"
EndProject
Project("{FAE04EC0-301F-11D3-BF4B-00C04F79EFBC}") = "AktBob.Email.Tests.Unit", "test\AktBob.Email.Tests.Unit\AktBob.Email.Tests.Unit.csproj", "{1D3AC921-BA6E-4620-BFE7-48062FF9AD70}"
EndProject
Project("{FAE04EC0-301F-11D3-BF4B-00C04F79EFBC}") = "AktBob.OS2Forms", "src\AktBob.OS2Forms\AktBob.OS2Forms.csproj", "{016A5BB9-8957-46D0-94D5-F6C1278F0F50}"
EndProject
Project("{FAE04EC0-301F-11D3-BF4B-00C04F79EFBC}") = "AktBob.FilArkiv", "src\AktBob.FilArkiv\AktBob.FilArkiv.csproj", "{E571AA01-4114-4D7A-B76E-29BAC6DE940C}"
EndProject
Project("{2150E333-8FDC-42A3-9474-1A3956D46DE8}") = "Modules", "Modules", "{C8B73F55-D8C6-403F-B2B4-D4BC645339F5}"
EndProject
Project("{FAE04EC0-301F-11D3-BF4B-00C04F79EFBC}") = "AktBob.Shared.Jobs", "src\AktBob.Shared.Jobs\AktBob.Shared.Jobs.csproj", "{92CB315A-68CC-4151-9A0E-9704F199F219}"
EndProject
Project("{FAE04EC0-301F-11D3-BF4B-00C04F79EFBC}") = "Aktbob.Modules.Deskpro", "src\Modules\Aktbob.Modules.Deskpro\Aktbob.Modules.Deskpro.csproj", "{00A2F974-4B20-40C4-AE48-C00C6A902F54}"
EndProject
Project("{2150E333-8FDC-42A3-9474-1A3956D46DE8}") = "Processors", "Processors", "{7B9E63DC-4996-45A9-8449-A241D79B3FD3}"
EndProject
Project("{FAE04EC0-301F-11D3-BF4B-00C04F79EFBC}") = "Aktbob.Processors.CreateAfgørelsesskrivelse", "src\Processors\Aktbob.Processors.CreateAfgørelsesskrivelse\Aktbob.Processors.CreateAfgørelsesskrivelse.csproj", "{963753A6-1D30-439C-89C6-E165A1831DCE}"
EndProject
Project("{FAE04EC0-301F-11D3-BF4B-00C04F79EFBC}") = "Aktbob.Modules.OpenOrchestrator", "src\Modules\Aktbob.Modules.OpenOrchestrator\Aktbob.Modules.OpenOrchestrator.csproj", "{0B7C690D-12C8-4A7C-ACCE-E780DFC8DF75}"
EndProject
Global
	GlobalSection(SolutionConfigurationPlatforms) = preSolution
		Debug|Any CPU = Debug|Any CPU
		Release|Any CPU = Release|Any CPU
	EndGlobalSection
	GlobalSection(ProjectConfigurationPlatforms) = postSolution
		{57215D5C-7983-4A89-B722-307B8A354BC1}.Debug|Any CPU.ActiveCfg = Debug|Any CPU
		{57215D5C-7983-4A89-B722-307B8A354BC1}.Debug|Any CPU.Build.0 = Debug|Any CPU
		{57215D5C-7983-4A89-B722-307B8A354BC1}.Release|Any CPU.ActiveCfg = Release|Any CPU
		{57215D5C-7983-4A89-B722-307B8A354BC1}.Release|Any CPU.Build.0 = Release|Any CPU
		{AFBF76D1-F040-4ED7-8575-EA02043CE4BC}.Debug|Any CPU.ActiveCfg = Debug|Any CPU
		{AFBF76D1-F040-4ED7-8575-EA02043CE4BC}.Debug|Any CPU.Build.0 = Debug|Any CPU
		{AFBF76D1-F040-4ED7-8575-EA02043CE4BC}.Release|Any CPU.ActiveCfg = Release|Any CPU
		{AFBF76D1-F040-4ED7-8575-EA02043CE4BC}.Release|Any CPU.Build.0 = Release|Any CPU
		{AC88B646-4DB9-45BB-82C2-FD9F55B181C1}.Debug|Any CPU.ActiveCfg = Debug|Any CPU
		{AC88B646-4DB9-45BB-82C2-FD9F55B181C1}.Debug|Any CPU.Build.0 = Debug|Any CPU
		{AC88B646-4DB9-45BB-82C2-FD9F55B181C1}.Release|Any CPU.ActiveCfg = Release|Any CPU
		{AC88B646-4DB9-45BB-82C2-FD9F55B181C1}.Release|Any CPU.Build.0 = Release|Any CPU
		{5B795FD1-81A1-4878-8802-1AF87DEBC4D7}.Debug|Any CPU.ActiveCfg = Debug|Any CPU
		{5B795FD1-81A1-4878-8802-1AF87DEBC4D7}.Debug|Any CPU.Build.0 = Debug|Any CPU
		{5B795FD1-81A1-4878-8802-1AF87DEBC4D7}.Release|Any CPU.ActiveCfg = Release|Any CPU
		{5B795FD1-81A1-4878-8802-1AF87DEBC4D7}.Release|Any CPU.Build.0 = Release|Any CPU
		{DF26FC91-4DD2-4500-B955-22F6F522B782}.Debug|Any CPU.ActiveCfg = Debug|Any CPU
		{DF26FC91-4DD2-4500-B955-22F6F522B782}.Debug|Any CPU.Build.0 = Debug|Any CPU
		{DF26FC91-4DD2-4500-B955-22F6F522B782}.Release|Any CPU.ActiveCfg = Release|Any CPU
		{DF26FC91-4DD2-4500-B955-22F6F522B782}.Release|Any CPU.Build.0 = Release|Any CPU
		{B7378D07-6FE1-49C7-9BB5-B7D693FE446A}.Debug|Any CPU.ActiveCfg = Debug|Any CPU
		{B7378D07-6FE1-49C7-9BB5-B7D693FE446A}.Debug|Any CPU.Build.0 = Debug|Any CPU
		{B7378D07-6FE1-49C7-9BB5-B7D693FE446A}.Release|Any CPU.ActiveCfg = Release|Any CPU
		{B7378D07-6FE1-49C7-9BB5-B7D693FE446A}.Release|Any CPU.Build.0 = Release|Any CPU
		{CB2CA8BD-C3DD-481A-9CC0-0F15C493799A}.Debug|Any CPU.ActiveCfg = Debug|Any CPU
		{CB2CA8BD-C3DD-481A-9CC0-0F15C493799A}.Debug|Any CPU.Build.0 = Debug|Any CPU
		{CB2CA8BD-C3DD-481A-9CC0-0F15C493799A}.Release|Any CPU.ActiveCfg = Release|Any CPU
		{CB2CA8BD-C3DD-481A-9CC0-0F15C493799A}.Release|Any CPU.Build.0 = Release|Any CPU
		{7F0C73FF-3D2A-4906-BA15-E6FE62746527}.Debug|Any CPU.ActiveCfg = Debug|Any CPU
		{7F0C73FF-3D2A-4906-BA15-E6FE62746527}.Debug|Any CPU.Build.0 = Debug|Any CPU
		{7F0C73FF-3D2A-4906-BA15-E6FE62746527}.Release|Any CPU.ActiveCfg = Release|Any CPU
		{7F0C73FF-3D2A-4906-BA15-E6FE62746527}.Release|Any CPU.Build.0 = Release|Any CPU
		{2F8F09A9-0BC4-46A8-BC83-6AC6865D1EF9}.Debug|Any CPU.ActiveCfg = Debug|Any CPU
		{2F8F09A9-0BC4-46A8-BC83-6AC6865D1EF9}.Debug|Any CPU.Build.0 = Debug|Any CPU
		{2F8F09A9-0BC4-46A8-BC83-6AC6865D1EF9}.Debug|Any CPU.Deploy.0 = Debug|Any CPU
		{2F8F09A9-0BC4-46A8-BC83-6AC6865D1EF9}.Release|Any CPU.ActiveCfg = Release|Any CPU
		{2F8F09A9-0BC4-46A8-BC83-6AC6865D1EF9}.Release|Any CPU.Build.0 = Release|Any CPU
		{2F8F09A9-0BC4-46A8-BC83-6AC6865D1EF9}.Release|Any CPU.Deploy.0 = Release|Any CPU
		{250D0C49-2284-40D8-BE80-5446161D4600}.Debug|Any CPU.ActiveCfg = Debug|Any CPU
		{250D0C49-2284-40D8-BE80-5446161D4600}.Debug|Any CPU.Build.0 = Debug|Any CPU
		{250D0C49-2284-40D8-BE80-5446161D4600}.Release|Any CPU.ActiveCfg = Release|Any CPU
		{250D0C49-2284-40D8-BE80-5446161D4600}.Release|Any CPU.Build.0 = Release|Any CPU
		{AB717426-EE39-4C39-A2EC-4FF4C49FE647}.Debug|Any CPU.ActiveCfg = Debug|Any CPU
		{AB717426-EE39-4C39-A2EC-4FF4C49FE647}.Debug|Any CPU.Build.0 = Debug|Any CPU
		{AB717426-EE39-4C39-A2EC-4FF4C49FE647}.Release|Any CPU.ActiveCfg = Release|Any CPU
		{AB717426-EE39-4C39-A2EC-4FF4C49FE647}.Release|Any CPU.Build.0 = Release|Any CPU
		{C45E6C7B-6B9E-4DE1-8A36-91BC4DB7C92D}.Debug|Any CPU.ActiveCfg = Debug|Any CPU
		{C45E6C7B-6B9E-4DE1-8A36-91BC4DB7C92D}.Debug|Any CPU.Build.0 = Debug|Any CPU
		{C45E6C7B-6B9E-4DE1-8A36-91BC4DB7C92D}.Release|Any CPU.ActiveCfg = Release|Any CPU
		{C45E6C7B-6B9E-4DE1-8A36-91BC4DB7C92D}.Release|Any CPU.Build.0 = Release|Any CPU
		{2000EFA2-664B-48A0-94EF-FF2AAC9EB76E}.Debug|Any CPU.ActiveCfg = Debug|Any CPU
		{2000EFA2-664B-48A0-94EF-FF2AAC9EB76E}.Debug|Any CPU.Build.0 = Debug|Any CPU
		{2000EFA2-664B-48A0-94EF-FF2AAC9EB76E}.Release|Any CPU.ActiveCfg = Release|Any CPU
		{2000EFA2-664B-48A0-94EF-FF2AAC9EB76E}.Release|Any CPU.Build.0 = Release|Any CPU
		{6EEDBA7E-4B3A-7331-C86E-7DD466C268AB}.Debug|Any CPU.ActiveCfg = Debug|Any CPU
		{6EEDBA7E-4B3A-7331-C86E-7DD466C268AB}.Debug|Any CPU.Build.0 = Debug|Any CPU
		{6EEDBA7E-4B3A-7331-C86E-7DD466C268AB}.Release|Any CPU.ActiveCfg = Release|Any CPU
		{6EEDBA7E-4B3A-7331-C86E-7DD466C268AB}.Release|Any CPU.Build.0 = Release|Any CPU
		{3DFE0582-AB04-784A-55CE-AC53DA2FF1D9}.Debug|Any CPU.ActiveCfg = Debug|Any CPU
		{3DFE0582-AB04-784A-55CE-AC53DA2FF1D9}.Debug|Any CPU.Build.0 = Debug|Any CPU
		{3DFE0582-AB04-784A-55CE-AC53DA2FF1D9}.Release|Any CPU.ActiveCfg = Release|Any CPU
		{3DFE0582-AB04-784A-55CE-AC53DA2FF1D9}.Release|Any CPU.Build.0 = Release|Any CPU
		{85F2D947-4058-B880-8B7A-CF1C43B4B775}.Debug|Any CPU.ActiveCfg = Debug|Any CPU
		{85F2D947-4058-B880-8B7A-CF1C43B4B775}.Debug|Any CPU.Build.0 = Debug|Any CPU
		{85F2D947-4058-B880-8B7A-CF1C43B4B775}.Release|Any CPU.ActiveCfg = Release|Any CPU
		{85F2D947-4058-B880-8B7A-CF1C43B4B775}.Release|Any CPU.Build.0 = Release|Any CPU
		{E1F3963A-825C-E59A-D9CD-A652CAB9D915}.Debug|Any CPU.ActiveCfg = Debug|Any CPU
		{E1F3963A-825C-E59A-D9CD-A652CAB9D915}.Debug|Any CPU.Build.0 = Debug|Any CPU
		{E1F3963A-825C-E59A-D9CD-A652CAB9D915}.Release|Any CPU.ActiveCfg = Release|Any CPU
		{E1F3963A-825C-E59A-D9CD-A652CAB9D915}.Release|Any CPU.Build.0 = Release|Any CPU
		{F81B7549-7828-1B5E-D482-D1600D8BAD2C}.Debug|Any CPU.ActiveCfg = Debug|Any CPU
		{F81B7549-7828-1B5E-D482-D1600D8BAD2C}.Debug|Any CPU.Build.0 = Debug|Any CPU
		{F81B7549-7828-1B5E-D482-D1600D8BAD2C}.Release|Any CPU.ActiveCfg = Release|Any CPU
		{F81B7549-7828-1B5E-D482-D1600D8BAD2C}.Release|Any CPU.Build.0 = Release|Any CPU
		{3E1280FD-45C8-C87C-7A8C-A7CBE9499CE8}.Debug|Any CPU.ActiveCfg = Debug|Any CPU
		{3E1280FD-45C8-C87C-7A8C-A7CBE9499CE8}.Debug|Any CPU.Build.0 = Debug|Any CPU
		{3E1280FD-45C8-C87C-7A8C-A7CBE9499CE8}.Release|Any CPU.ActiveCfg = Release|Any CPU
		{3E1280FD-45C8-C87C-7A8C-A7CBE9499CE8}.Release|Any CPU.Build.0 = Release|Any CPU
		{1D3AC921-BA6E-4620-BFE7-48062FF9AD70}.Debug|Any CPU.ActiveCfg = Debug|Any CPU
		{1D3AC921-BA6E-4620-BFE7-48062FF9AD70}.Debug|Any CPU.Build.0 = Debug|Any CPU
		{1D3AC921-BA6E-4620-BFE7-48062FF9AD70}.Release|Any CPU.ActiveCfg = Release|Any CPU
		{1D3AC921-BA6E-4620-BFE7-48062FF9AD70}.Release|Any CPU.Build.0 = Release|Any CPU
		{016A5BB9-8957-46D0-94D5-F6C1278F0F50}.Debug|Any CPU.ActiveCfg = Debug|Any CPU
		{016A5BB9-8957-46D0-94D5-F6C1278F0F50}.Debug|Any CPU.Build.0 = Debug|Any CPU
		{016A5BB9-8957-46D0-94D5-F6C1278F0F50}.Release|Any CPU.ActiveCfg = Release|Any CPU
		{016A5BB9-8957-46D0-94D5-F6C1278F0F50}.Release|Any CPU.Build.0 = Release|Any CPU
		{E571AA01-4114-4D7A-B76E-29BAC6DE940C}.Debug|Any CPU.ActiveCfg = Debug|Any CPU
		{E571AA01-4114-4D7A-B76E-29BAC6DE940C}.Debug|Any CPU.Build.0 = Debug|Any CPU
		{E571AA01-4114-4D7A-B76E-29BAC6DE940C}.Release|Any CPU.ActiveCfg = Release|Any CPU
		{E571AA01-4114-4D7A-B76E-29BAC6DE940C}.Release|Any CPU.Build.0 = Release|Any CPU
		{92CB315A-68CC-4151-9A0E-9704F199F219}.Debug|Any CPU.ActiveCfg = Debug|Any CPU
		{92CB315A-68CC-4151-9A0E-9704F199F219}.Debug|Any CPU.Build.0 = Debug|Any CPU
		{92CB315A-68CC-4151-9A0E-9704F199F219}.Release|Any CPU.ActiveCfg = Release|Any CPU
		{92CB315A-68CC-4151-9A0E-9704F199F219}.Release|Any CPU.Build.0 = Release|Any CPU
		{00A2F974-4B20-40C4-AE48-C00C6A902F54}.Debug|Any CPU.ActiveCfg = Debug|Any CPU
		{00A2F974-4B20-40C4-AE48-C00C6A902F54}.Debug|Any CPU.Build.0 = Debug|Any CPU
		{00A2F974-4B20-40C4-AE48-C00C6A902F54}.Release|Any CPU.ActiveCfg = Release|Any CPU
		{00A2F974-4B20-40C4-AE48-C00C6A902F54}.Release|Any CPU.Build.0 = Release|Any CPU
		{963753A6-1D30-439C-89C6-E165A1831DCE}.Debug|Any CPU.ActiveCfg = Debug|Any CPU
		{963753A6-1D30-439C-89C6-E165A1831DCE}.Debug|Any CPU.Build.0 = Debug|Any CPU
		{963753A6-1D30-439C-89C6-E165A1831DCE}.Release|Any CPU.ActiveCfg = Release|Any CPU
		{963753A6-1D30-439C-89C6-E165A1831DCE}.Release|Any CPU.Build.0 = Release|Any CPU
		{0B7C690D-12C8-4A7C-ACCE-E780DFC8DF75}.Debug|Any CPU.ActiveCfg = Debug|Any CPU
		{0B7C690D-12C8-4A7C-ACCE-E780DFC8DF75}.Debug|Any CPU.Build.0 = Debug|Any CPU
		{0B7C690D-12C8-4A7C-ACCE-E780DFC8DF75}.Release|Any CPU.ActiveCfg = Release|Any CPU
		{0B7C690D-12C8-4A7C-ACCE-E780DFC8DF75}.Release|Any CPU.Build.0 = Release|Any CPU
	EndGlobalSection
	GlobalSection(SolutionProperties) = preSolution
		HideSolutionNode = FALSE
	EndGlobalSection
	GlobalSection(NestedProjects) = preSolution
		{AFBF76D1-F040-4ED7-8575-EA02043CE4BC} = {C8B73F55-D8C6-403F-B2B4-D4BC645339F5}
		{68E05508-A190-4AA6-A41E-E0F77C3FF68A} = {F4C64018-0A98-4F30-8B25-201D834C5C3A}
		{5B795FD1-81A1-4878-8802-1AF87DEBC4D7} = {F4C64018-0A98-4F30-8B25-201D834C5C3A}
		{DBA389E7-9083-440B-9BCA-E30B66858A86} = {F4C64018-0A98-4F30-8B25-201D834C5C3A}
		{DF26FC91-4DD2-4500-B955-22F6F522B782} = {DBA389E7-9083-440B-9BCA-E30B66858A86}
		{B7378D07-6FE1-49C7-9BB5-B7D693FE446A} = {DBA389E7-9083-440B-9BCA-E30B66858A86}
		{CB2CA8BD-C3DD-481A-9CC0-0F15C493799A} = {C8B73F55-D8C6-403F-B2B4-D4BC645339F5}
		{5D2EE99D-5B8F-4AC3-9E73-0405BF1DE4D3} = {F4C64018-0A98-4F30-8B25-201D834C5C3A}
		{7F0C73FF-3D2A-4906-BA15-E6FE62746527} = {5D2EE99D-5B8F-4AC3-9E73-0405BF1DE4D3}
		{2F8F09A9-0BC4-46A8-BC83-6AC6865D1EF9} = {5D2EE99D-5B8F-4AC3-9E73-0405BF1DE4D3}
		{AB717426-EE39-4C39-A2EC-4FF4C49FE647} = {F4C64018-0A98-4F30-8B25-201D834C5C3A}
		{C45E6C7B-6B9E-4DE1-8A36-91BC4DB7C92D} = {F4C64018-0A98-4F30-8B25-201D834C5C3A}
		{2000EFA2-664B-48A0-94EF-FF2AAC9EB76E} = {3CCD0659-ACDF-4B5F-9C30-67D990BAE5A0}
		{6EEDBA7E-4B3A-7331-C86E-7DD466C268AB} = {F4C64018-0A98-4F30-8B25-201D834C5C3A}
		{3DFE0582-AB04-784A-55CE-AC53DA2FF1D9} = {3CCD0659-ACDF-4B5F-9C30-67D990BAE5A0}
		{85F2D947-4058-B880-8B7A-CF1C43B4B775} = {3CCD0659-ACDF-4B5F-9C30-67D990BAE5A0}
		{E1F3963A-825C-E59A-D9CD-A652CAB9D915} = {3CCD0659-ACDF-4B5F-9C30-67D990BAE5A0}
		{F81B7549-7828-1B5E-D482-D1600D8BAD2C} = {3CCD0659-ACDF-4B5F-9C30-67D990BAE5A0}
		{3E1280FD-45C8-C87C-7A8C-A7CBE9499CE8} = {3CCD0659-ACDF-4B5F-9C30-67D990BAE5A0}
		{1D3AC921-BA6E-4620-BFE7-48062FF9AD70} = {3CCD0659-ACDF-4B5F-9C30-67D990BAE5A0}
		{C8B73F55-D8C6-403F-B2B4-D4BC645339F5} = {F4C64018-0A98-4F30-8B25-201D834C5C3A}
		{92CB315A-68CC-4151-9A0E-9704F199F219} = {F4C64018-0A98-4F30-8B25-201D834C5C3A}
		{57215D5C-7983-4A89-B722-307B8A354BC1} = {C8B73F55-D8C6-403F-B2B4-D4BC645339F5}
		{E571AA01-4114-4D7A-B76E-29BAC6DE940C} = {C8B73F55-D8C6-403F-B2B4-D4BC645339F5}
		{016A5BB9-8957-46D0-94D5-F6C1278F0F50} = {C8B73F55-D8C6-403F-B2B4-D4BC645339F5}
		{250D0C49-2284-40D8-BE80-5446161D4600} = {C8B73F55-D8C6-403F-B2B4-D4BC645339F5}
		{AC88B646-4DB9-45BB-82C2-FD9F55B181C1} = {C8B73F55-D8C6-403F-B2B4-D4BC645339F5}
		{00A2F974-4B20-40C4-AE48-C00C6A902F54} = {C8B73F55-D8C6-403F-B2B4-D4BC645339F5}
		{7B9E63DC-4996-45A9-8449-A241D79B3FD3} = {F4C64018-0A98-4F30-8B25-201D834C5C3A}
		{963753A6-1D30-439C-89C6-E165A1831DCE} = {7B9E63DC-4996-45A9-8449-A241D79B3FD3}
		{0B7C690D-12C8-4A7C-ACCE-E780DFC8DF75} = {C8B73F55-D8C6-403F-B2B4-D4BC645339F5}
	EndGlobalSection
	GlobalSection(ExtensibilityGlobals) = postSolution
		SolutionGuid = {DBB2F06B-94A3-444E-875A-BA6E8CA925B3}
	EndGlobalSection
EndGlobal
